// !$*UTF8*$!
{
	archiveVersion = 1;
	classes = {
	};
	objectVersion = 56;
	objects = {

/* Begin PBXBuildFile section */
		C0072EFC2B852DFA008CE3F8 /* LiveRecipesApp.swift in Sources */ = {isa = PBXBuildFile; fileRef = C0072EFB2B852DFA008CE3F8 /* LiveRecipesApp.swift */; };
		C0072F002B852DFC008CE3F8 /* Assets.xcassets in Resources */ = {isa = PBXBuildFile; fileRef = C0072EFF2B852DFC008CE3F8 /* Assets.xcassets */; };
		C0072F032B852DFC008CE3F8 /* Preview Assets.xcassets in Resources */ = {isa = PBXBuildFile; fileRef = C0072F022B852DFC008CE3F8 /* Preview Assets.xcassets */; };
		C0072F052B852DFC008CE3F8 /* Persistence.swift in Sources */ = {isa = PBXBuildFile; fileRef = C0072F042B852DFC008CE3F8 /* Persistence.swift */; };
		C0072F082B852DFC008CE3F8 /* LiveRecipes.xcdatamodeld in Sources */ = {isa = PBXBuildFile; fileRef = C0072F062B852DFC008CE3F8 /* LiveRecipes.xcdatamodeld */; };
		C0072F122B852DFC008CE3F8 /* LiveRecipesTests.swift in Sources */ = {isa = PBXBuildFile; fileRef = C0072F112B852DFC008CE3F8 /* LiveRecipesTests.swift */; };
		C0072F1C2B852DFC008CE3F8 /* LiveRecipesUITests.swift in Sources */ = {isa = PBXBuildFile; fileRef = C0072F1B2B852DFC008CE3F8 /* LiveRecipesUITests.swift */; };
		C0072F1E2B852DFC008CE3F8 /* LiveRecipesUITestsLaunchTests.swift in Sources */ = {isa = PBXBuildFile; fileRef = C0072F1D2B852DFC008CE3F8 /* LiveRecipesUITestsLaunchTests.swift */; };
		C0072F2B2B85311E008CE3F8 /* Localizable.xcstrings in Resources */ = {isa = PBXBuildFile; fileRef = C0072F2A2B85311E008CE3F8 /* Localizable.xcstrings */; };
		C0342D212B979E030063BBD2 /* LiveRecipesView.swift in Sources */ = {isa = PBXBuildFile; fileRef = C0342D202B979E030063BBD2 /* LiveRecipesView.swift */; };
		C0342D262B979E8F0063BBD2 /* RecipesAssembly.swift in Sources */ = {isa = PBXBuildFile; fileRef = C0342D252B979E8F0063BBD2 /* RecipesAssembly.swift */; };
		C0342D282B979EAD0063BBD2 /* RecipesProtocols.swift in Sources */ = {isa = PBXBuildFile; fileRef = C0342D272B979EAD0063BBD2 /* RecipesProtocols.swift */; };
		C0342D2E2B979EE40063BBD2 /* RecipesView.swift in Sources */ = {isa = PBXBuildFile; fileRef = C0342D2D2B979EE40063BBD2 /* RecipesView.swift */; };
		C0342D332B979F8A0063BBD2 /* ViewStateProtocol.swift in Sources */ = {isa = PBXBuildFile; fileRef = C0342D322B979F8A0063BBD2 /* ViewStateProtocol.swift */; };
		C0342D352B979F940063BBD2 /* RouterProtocol.swift in Sources */ = {isa = PBXBuildFile; fileRef = C0342D342B979F940063BBD2 /* RouterProtocol.swift */; };
		C0342D372B979F9F0063BBD2 /* PresenterProtocol.swift in Sources */ = {isa = PBXBuildFile; fileRef = C0342D362B979F9F0063BBD2 /* PresenterProtocol.swift */; };
		C0342D392B979FB10063BBD2 /* InteractorProtocol.swift in Sources */ = {isa = PBXBuildFile; fileRef = C0342D382B979FB10063BBD2 /* InteractorProtocol.swift */; };
		C0342D532B97A25E0063BBD2 /* ApplicationViewBuilder.swift in Sources */ = {isa = PBXBuildFile; fileRef = C0342D522B97A25E0063BBD2 /* ApplicationViewBuilder.swift */; };
		C0342D582B97A41D0063BBD2 /* test.yml in Resources */ = {isa = PBXBuildFile; fileRef = C0342D562B97A41D0063BBD2 /* test.yml */; };
		C0342D592B97A41D0063BBD2 /* swiftlint.yml in Resources */ = {isa = PBXBuildFile; fileRef = C0342D572B97A41D0063BBD2 /* swiftlint.yml */; };
		C0761D392BA3595800F5A63A /* RecipesViewModel.swift in Sources */ = {isa = PBXBuildFile; fileRef = C0761D382BA3595800F5A63A /* RecipesViewModel.swift */; };
		C0761D3B2BA3596100F5A63A /* RecipesModel.swift in Sources */ = {isa = PBXBuildFile; fileRef = C0761D3A2BA3596100F5A63A /* RecipesModel.swift */; };
		C0761D3F2BA35F0A00F5A63A /* Swinject in Frameworks */ = {isa = PBXBuildFile; productRef = C0761D3E2BA35F0A00F5A63A /* Swinject */; };
		C0761D412BA35F0D00F5A63A /* Swinject-Dynamic in Frameworks */ = {isa = PBXBuildFile; productRef = C0761D402BA35F0D00F5A63A /* Swinject-Dynamic */; };
		C0761D422BA35F0D00F5A63A /* Swinject-Dynamic in Embed Frameworks */ = {isa = PBXBuildFile; productRef = C0761D402BA35F0D00F5A63A /* Swinject-Dynamic */; settings = {ATTRIBUTES = (CodeSignOnCopy, ); }; };
		C0761D482BA369D600F5A63A /* ListView.swift in Sources */ = {isa = PBXBuildFile; fileRef = C0761D472BA369D600F5A63A /* ListView.swift */; };
		C0761D4A2BA369E300F5A63A /* FavoritesView.swift in Sources */ = {isa = PBXBuildFile; fileRef = C0761D492BA369E300F5A63A /* FavoritesView.swift */; };
		C0761D4C2BA36A2100F5A63A /* CookingView.swift in Sources */ = {isa = PBXBuildFile; fileRef = C0761D4B2BA36A2100F5A63A /* CookingView.swift */; };
		C0761D4E2BA36E6D00F5A63A /* CookingViewModel.swift in Sources */ = {isa = PBXBuildFile; fileRef = C0761D4D2BA36E6D00F5A63A /* CookingViewModel.swift */; };
		C0761D502BA36E7600F5A63A /* CookingModel.swift in Sources */ = {isa = PBXBuildFile; fileRef = C0761D4F2BA36E7600F5A63A /* CookingModel.swift */; };
		C0761D522BA36E8400F5A63A /* FavoritesViewModel.swift in Sources */ = {isa = PBXBuildFile; fileRef = C0761D512BA36E8400F5A63A /* FavoritesViewModel.swift */; };
		C0761D542BA36E9200F5A63A /* FavoritesModel.swift in Sources */ = {isa = PBXBuildFile; fileRef = C0761D532BA36E9200F5A63A /* FavoritesModel.swift */; };
		C0761D562BA36EAA00F5A63A /* ListViewModel.swift in Sources */ = {isa = PBXBuildFile; fileRef = C0761D552BA36EAA00F5A63A /* ListViewModel.swift */; };
		C0761D582BA36EB400F5A63A /* ListModel.swift in Sources */ = {isa = PBXBuildFile; fileRef = C0761D572BA36EB400F5A63A /* ListModel.swift */; };
		C0761D5A2BA36EC800F5A63A /* CookingAssembly.swift in Sources */ = {isa = PBXBuildFile; fileRef = C0761D592BA36EC800F5A63A /* CookingAssembly.swift */; };
		C0761D5C2BA36ED600F5A63A /* CookingProtocols.swift in Sources */ = {isa = PBXBuildFile; fileRef = C0761D5B2BA36ED600F5A63A /* CookingProtocols.swift */; };
		C0761D5E2BA36EE400F5A63A /* FavoritesAssembly.swift in Sources */ = {isa = PBXBuildFile; fileRef = C0761D5D2BA36EE400F5A63A /* FavoritesAssembly.swift */; };
		C0761D602BA36EEE00F5A63A /* ListAssembly.swift in Sources */ = {isa = PBXBuildFile; fileRef = C0761D5F2BA36EEE00F5A63A /* ListAssembly.swift */; };
		C0761D622BA36EFF00F5A63A /* ListProtocols.swift in Sources */ = {isa = PBXBuildFile; fileRef = C0761D612BA36EFF00F5A63A /* ListProtocols.swift */; };
		C0761D642BA36F1200F5A63A /* FavoritesProtocols.swift in Sources */ = {isa = PBXBuildFile; fileRef = C0761D632BA36F1200F5A63A /* FavoritesProtocols.swift */; };
		C0761D672BA3754600F5A63A /* String+Localized.swift in Sources */ = {isa = PBXBuildFile; fileRef = C0761D662BA3754600F5A63A /* String+Localized.swift */; };
		C0761D692BA3773A00F5A63A /* NavigationTabs.swift in Sources */ = {isa = PBXBuildFile; fileRef = C0761D682BA3773A00F5A63A /* NavigationTabs.swift */; };
		C0B474DD2BA9FCFC00C789F9 /* Alamofire in Frameworks */ = {isa = PBXBuildFile; productRef = C0B474DC2BA9FCFC00C789F9 /* Alamofire */; };
		C0B474DF2BA9FCFC00C789F9 /* AlamofireDynamic in Frameworks */ = {isa = PBXBuildFile; productRef = C0B474DE2BA9FCFC00C789F9 /* AlamofireDynamic */; };
		C0B474E12BA9FDAC00C789F9 /* NetworkAssembly.swift in Sources */ = {isa = PBXBuildFile; fileRef = C0B474E02BA9FDAC00C789F9 /* NetworkAssembly.swift */; };
		C0B474E32BA9FDB700C789F9 /* NetworkService.swift in Sources */ = {isa = PBXBuildFile; fileRef = C0B474E22BA9FDB700C789F9 /* NetworkService.swift */; };
		C0B474E62BA9FED300C789F9 /* TargetType.swift in Sources */ = {isa = PBXBuildFile; fileRef = C0B474E52BA9FED300C789F9 /* TargetType.swift */; };
		C0B474E82BA9FF3200C789F9 /* Recipe.swift in Sources */ = {isa = PBXBuildFile; fileRef = C0B474E72BA9FF3200C789F9 /* Recipe.swift */; };
		C0B474EA2BAA025600C789F9 /* BaseAPI.swift in Sources */ = {isa = PBXBuildFile; fileRef = C0B474E92BAA025600C789F9 /* BaseAPI.swift */; };
		C0B474ED2BAA052000C789F9 /* RecipeCardView.swift in Sources */ = {isa = PBXBuildFile; fileRef = C0B474EC2BAA052000C789F9 /* RecipeCardView.swift */; };
		C0B474EF2BAA0FB300C789F9 /* RecipeDTO.swift in Sources */ = {isa = PBXBuildFile; fileRef = C0B474EE2BAA0FB300C789F9 /* RecipeDTO.swift */; };
/* End PBXBuildFile section */

/* Begin PBXContainerItemProxy section */
		C0072F0E2B852DFC008CE3F8 /* PBXContainerItemProxy */ = {
			isa = PBXContainerItemProxy;
			containerPortal = C0072EF02B852DFA008CE3F8 /* Project object */;
			proxyType = 1;
			remoteGlobalIDString = C0072EF72B852DFA008CE3F8;
			remoteInfo = LiveRecipes;
		};
		C0072F182B852DFC008CE3F8 /* PBXContainerItemProxy */ = {
			isa = PBXContainerItemProxy;
			containerPortal = C0072EF02B852DFA008CE3F8 /* Project object */;
			proxyType = 1;
			remoteGlobalIDString = C0072EF72B852DFA008CE3F8;
			remoteInfo = LiveRecipes;
		};
/* End PBXContainerItemProxy section */

/* Begin PBXCopyFilesBuildPhase section */
		C0761D432BA35F0E00F5A63A /* Embed Frameworks */ = {
			isa = PBXCopyFilesBuildPhase;
			buildActionMask = 2147483647;
			dstPath = "";
			dstSubfolderSpec = 10;
			files = (
				C0761D422BA35F0D00F5A63A /* Swinject-Dynamic in Embed Frameworks */,
			);
			name = "Embed Frameworks";
			runOnlyForDeploymentPostprocessing = 0;
		};
/* End PBXCopyFilesBuildPhase section */

/* Begin PBXFileReference section */
		C0072EF82B852DFA008CE3F8 /* LiveRecipes.app */ = {isa = PBXFileReference; explicitFileType = wrapper.application; includeInIndex = 0; path = LiveRecipes.app; sourceTree = BUILT_PRODUCTS_DIR; };
		C0072EFB2B852DFA008CE3F8 /* LiveRecipesApp.swift */ = {isa = PBXFileReference; lastKnownFileType = sourcecode.swift; path = LiveRecipesApp.swift; sourceTree = "<group>"; };
		C0072EFF2B852DFC008CE3F8 /* Assets.xcassets */ = {isa = PBXFileReference; lastKnownFileType = folder.assetcatalog; path = Assets.xcassets; sourceTree = "<group>"; };
		C0072F022B852DFC008CE3F8 /* Preview Assets.xcassets */ = {isa = PBXFileReference; lastKnownFileType = folder.assetcatalog; path = "Preview Assets.xcassets"; sourceTree = "<group>"; };
		C0072F042B852DFC008CE3F8 /* Persistence.swift */ = {isa = PBXFileReference; lastKnownFileType = sourcecode.swift; path = Persistence.swift; sourceTree = "<group>"; };
		C0072F072B852DFC008CE3F8 /* LiveRecipes.xcdatamodel */ = {isa = PBXFileReference; lastKnownFileType = wrapper.xcdatamodel; path = LiveRecipes.xcdatamodel; sourceTree = "<group>"; };
		C0072F0D2B852DFC008CE3F8 /* LiveRecipesTests.xctest */ = {isa = PBXFileReference; explicitFileType = wrapper.cfbundle; includeInIndex = 0; path = LiveRecipesTests.xctest; sourceTree = BUILT_PRODUCTS_DIR; };
		C0072F112B852DFC008CE3F8 /* LiveRecipesTests.swift */ = {isa = PBXFileReference; lastKnownFileType = sourcecode.swift; path = LiveRecipesTests.swift; sourceTree = "<group>"; };
		C0072F172B852DFC008CE3F8 /* LiveRecipesUITests.xctest */ = {isa = PBXFileReference; explicitFileType = wrapper.cfbundle; includeInIndex = 0; path = LiveRecipesUITests.xctest; sourceTree = BUILT_PRODUCTS_DIR; };
		C0072F1B2B852DFC008CE3F8 /* LiveRecipesUITests.swift */ = {isa = PBXFileReference; lastKnownFileType = sourcecode.swift; path = LiveRecipesUITests.swift; sourceTree = "<group>"; };
		C0072F1D2B852DFC008CE3F8 /* LiveRecipesUITestsLaunchTests.swift */ = {isa = PBXFileReference; lastKnownFileType = sourcecode.swift; path = LiveRecipesUITestsLaunchTests.swift; sourceTree = "<group>"; };
		C0072F2A2B85311E008CE3F8 /* Localizable.xcstrings */ = {isa = PBXFileReference; lastKnownFileType = text.json.xcstrings; path = Localizable.xcstrings; sourceTree = "<group>"; };
		C0072F2C2B853E48008CE3F8 /* README.md */ = {isa = PBXFileReference; lastKnownFileType = net.daringfireball.markdown; path = README.md; sourceTree = "<group>"; };
		C0342D1F2B979D850063BBD2 /* .swiftlint.yml */ = {isa = PBXFileReference; lastKnownFileType = text.yaml; path = .swiftlint.yml; sourceTree = "<group>"; };
		C0342D202B979E030063BBD2 /* LiveRecipesView.swift */ = {isa = PBXFileReference; lastKnownFileType = sourcecode.swift; path = LiveRecipesView.swift; sourceTree = "<group>"; };
		C0342D252B979E8F0063BBD2 /* RecipesAssembly.swift */ = {isa = PBXFileReference; lastKnownFileType = sourcecode.swift; path = RecipesAssembly.swift; sourceTree = "<group>"; };
		C0342D272B979EAD0063BBD2 /* RecipesProtocols.swift */ = {isa = PBXFileReference; lastKnownFileType = sourcecode.swift; path = RecipesProtocols.swift; sourceTree = "<group>"; };
		C0342D2D2B979EE40063BBD2 /* RecipesView.swift */ = {isa = PBXFileReference; lastKnownFileType = sourcecode.swift; path = RecipesView.swift; sourceTree = "<group>"; };
		C0342D322B979F8A0063BBD2 /* ViewStateProtocol.swift */ = {isa = PBXFileReference; lastKnownFileType = sourcecode.swift; path = ViewStateProtocol.swift; sourceTree = "<group>"; };
		C0342D342B979F940063BBD2 /* RouterProtocol.swift */ = {isa = PBXFileReference; lastKnownFileType = sourcecode.swift; path = RouterProtocol.swift; sourceTree = "<group>"; };
		C0342D362B979F9F0063BBD2 /* PresenterProtocol.swift */ = {isa = PBXFileReference; lastKnownFileType = sourcecode.swift; path = PresenterProtocol.swift; sourceTree = "<group>"; };
		C0342D382B979FB10063BBD2 /* InteractorProtocol.swift */ = {isa = PBXFileReference; lastKnownFileType = sourcecode.swift; path = InteractorProtocol.swift; sourceTree = "<group>"; };
		C0342D522B97A25E0063BBD2 /* ApplicationViewBuilder.swift */ = {isa = PBXFileReference; lastKnownFileType = sourcecode.swift; path = ApplicationViewBuilder.swift; sourceTree = "<group>"; };
		C0342D562B97A41D0063BBD2 /* test.yml */ = {isa = PBXFileReference; fileEncoding = 4; lastKnownFileType = text.yaml; path = test.yml; sourceTree = "<group>"; };
		C0342D572B97A41D0063BBD2 /* swiftlint.yml */ = {isa = PBXFileReference; fileEncoding = 4; lastKnownFileType = text.yaml; path = swiftlint.yml; sourceTree = "<group>"; };
		C0761D382BA3595800F5A63A /* RecipesViewModel.swift */ = {isa = PBXFileReference; lastKnownFileType = sourcecode.swift; path = RecipesViewModel.swift; sourceTree = "<group>"; };
		C0761D3A2BA3596100F5A63A /* RecipesModel.swift */ = {isa = PBXFileReference; lastKnownFileType = sourcecode.swift; path = RecipesModel.swift; sourceTree = "<group>"; };
		C0761D472BA369D600F5A63A /* ListView.swift */ = {isa = PBXFileReference; lastKnownFileType = sourcecode.swift; path = ListView.swift; sourceTree = "<group>"; };
		C0761D492BA369E300F5A63A /* FavoritesView.swift */ = {isa = PBXFileReference; lastKnownFileType = sourcecode.swift; path = FavoritesView.swift; sourceTree = "<group>"; };
		C0761D4B2BA36A2100F5A63A /* CookingView.swift */ = {isa = PBXFileReference; lastKnownFileType = sourcecode.swift; path = CookingView.swift; sourceTree = "<group>"; };
		C0761D4D2BA36E6D00F5A63A /* CookingViewModel.swift */ = {isa = PBXFileReference; lastKnownFileType = sourcecode.swift; path = CookingViewModel.swift; sourceTree = "<group>"; };
		C0761D4F2BA36E7600F5A63A /* CookingModel.swift */ = {isa = PBXFileReference; lastKnownFileType = sourcecode.swift; path = CookingModel.swift; sourceTree = "<group>"; };
		C0761D512BA36E8400F5A63A /* FavoritesViewModel.swift */ = {isa = PBXFileReference; lastKnownFileType = sourcecode.swift; path = FavoritesViewModel.swift; sourceTree = "<group>"; };
		C0761D532BA36E9200F5A63A /* FavoritesModel.swift */ = {isa = PBXFileReference; lastKnownFileType = sourcecode.swift; path = FavoritesModel.swift; sourceTree = "<group>"; };
		C0761D552BA36EAA00F5A63A /* ListViewModel.swift */ = {isa = PBXFileReference; lastKnownFileType = sourcecode.swift; path = ListViewModel.swift; sourceTree = "<group>"; };
		C0761D572BA36EB400F5A63A /* ListModel.swift */ = {isa = PBXFileReference; lastKnownFileType = sourcecode.swift; path = ListModel.swift; sourceTree = "<group>"; };
		C0761D592BA36EC800F5A63A /* CookingAssembly.swift */ = {isa = PBXFileReference; lastKnownFileType = sourcecode.swift; path = CookingAssembly.swift; sourceTree = "<group>"; };
		C0761D5B2BA36ED600F5A63A /* CookingProtocols.swift */ = {isa = PBXFileReference; lastKnownFileType = sourcecode.swift; path = CookingProtocols.swift; sourceTree = "<group>"; };
		C0761D5D2BA36EE400F5A63A /* FavoritesAssembly.swift */ = {isa = PBXFileReference; lastKnownFileType = sourcecode.swift; path = FavoritesAssembly.swift; sourceTree = "<group>"; };
		C0761D5F2BA36EEE00F5A63A /* ListAssembly.swift */ = {isa = PBXFileReference; lastKnownFileType = sourcecode.swift; path = ListAssembly.swift; sourceTree = "<group>"; };
		C0761D612BA36EFF00F5A63A /* ListProtocols.swift */ = {isa = PBXFileReference; lastKnownFileType = sourcecode.swift; path = ListProtocols.swift; sourceTree = "<group>"; };
		C0761D632BA36F1200F5A63A /* FavoritesProtocols.swift */ = {isa = PBXFileReference; lastKnownFileType = sourcecode.swift; path = FavoritesProtocols.swift; sourceTree = "<group>"; };
		C0761D662BA3754600F5A63A /* String+Localized.swift */ = {isa = PBXFileReference; lastKnownFileType = sourcecode.swift; path = "String+Localized.swift"; sourceTree = "<group>"; };
		C0761D682BA3773A00F5A63A /* NavigationTabs.swift */ = {isa = PBXFileReference; lastKnownFileType = sourcecode.swift; path = NavigationTabs.swift; sourceTree = "<group>"; };
		C0B474E02BA9FDAC00C789F9 /* NetworkAssembly.swift */ = {isa = PBXFileReference; lastKnownFileType = sourcecode.swift; path = NetworkAssembly.swift; sourceTree = "<group>"; };
		C0B474E22BA9FDB700C789F9 /* NetworkService.swift */ = {isa = PBXFileReference; lastKnownFileType = sourcecode.swift; path = NetworkService.swift; sourceTree = "<group>"; };
		C0B474E52BA9FED300C789F9 /* TargetType.swift */ = {isa = PBXFileReference; lastKnownFileType = sourcecode.swift; path = TargetType.swift; sourceTree = "<group>"; };
		C0B474E72BA9FF3200C789F9 /* Recipe.swift */ = {isa = PBXFileReference; lastKnownFileType = sourcecode.swift; path = Recipe.swift; sourceTree = "<group>"; };
		C0B474E92BAA025600C789F9 /* BaseAPI.swift */ = {isa = PBXFileReference; lastKnownFileType = sourcecode.swift; path = BaseAPI.swift; sourceTree = "<group>"; };
		C0B474EC2BAA052000C789F9 /* RecipeCardView.swift */ = {isa = PBXFileReference; lastKnownFileType = sourcecode.swift; path = RecipeCardView.swift; sourceTree = "<group>"; };
		C0B474EE2BAA0FB300C789F9 /* RecipeDTO.swift */ = {isa = PBXFileReference; lastKnownFileType = sourcecode.swift; path = RecipeDTO.swift; sourceTree = "<group>"; };
		C0B474F02BAA264D00C789F9 /* Info.plist */ = {isa = PBXFileReference; lastKnownFileType = text.plist; path = Info.plist; sourceTree = "<group>"; };
/* End PBXFileReference section */

/* Begin PBXFrameworksBuildPhase section */
		C0072EF52B852DFA008CE3F8 /* Frameworks */ = {
			isa = PBXFrameworksBuildPhase;
			buildActionMask = 2147483647;
			files = (
				C0B474DD2BA9FCFC00C789F9 /* Alamofire in Frameworks */,
				C0B474DF2BA9FCFC00C789F9 /* AlamofireDynamic in Frameworks */,
				C0761D3F2BA35F0A00F5A63A /* Swinject in Frameworks */,
				C0761D412BA35F0D00F5A63A /* Swinject-Dynamic in Frameworks */,
			);
			runOnlyForDeploymentPostprocessing = 0;
		};
		C0072F0A2B852DFC008CE3F8 /* Frameworks */ = {
			isa = PBXFrameworksBuildPhase;
			buildActionMask = 2147483647;
			files = (
			);
			runOnlyForDeploymentPostprocessing = 0;
		};
		C0072F142B852DFC008CE3F8 /* Frameworks */ = {
			isa = PBXFrameworksBuildPhase;
			buildActionMask = 2147483647;
			files = (
			);
			runOnlyForDeploymentPostprocessing = 0;
		};
/* End PBXFrameworksBuildPhase section */

/* Begin PBXGroup section */
		C0072EEF2B852DFA008CE3F8 = {
			isa = PBXGroup;
			children = (
				C0342D1F2B979D850063BBD2 /* .swiftlint.yml */,
				C0072F2C2B853E48008CE3F8 /* README.md */,
				C0342D542B97A41D0063BBD2 /* .github */,
				C0072EFA2B852DFA008CE3F8 /* LiveRecipes */,
				C0072F102B852DFC008CE3F8 /* LiveRecipesTests */,
				C0072F1A2B852DFC008CE3F8 /* LiveRecipesUITests */,
				C0072EF92B852DFA008CE3F8 /* Products */,
				C0761D3D2BA35F0A00F5A63A /* Frameworks */,
			);
			sourceTree = "<group>";
		};
		C0072EF92B852DFA008CE3F8 /* Products */ = {
			isa = PBXGroup;
			children = (
				C0072EF82B852DFA008CE3F8 /* LiveRecipes.app */,
				C0072F0D2B852DFC008CE3F8 /* LiveRecipesTests.xctest */,
				C0072F172B852DFC008CE3F8 /* LiveRecipesUITests.xctest */,
			);
			name = Products;
			sourceTree = "<group>";
		};
		C0072EFA2B852DFA008CE3F8 /* LiveRecipes */ = {
			isa = PBXGroup;
			children = (
				C0B474F02BAA264D00C789F9 /* Info.plist */,
				C0761D652BA3750900F5A63A /* Utilities */,
				C0342D312B979F6F0063BBD2 /* Common */,
				C0342D232B979E500063BBD2 /* Services */,
				C0342D222B979E480063BBD2 /* Modules */,
				C0072EFB2B852DFA008CE3F8 /* LiveRecipesApp.swift */,
				C0342D202B979E030063BBD2 /* LiveRecipesView.swift */,
				C0072F2A2B85311E008CE3F8 /* Localizable.xcstrings */,
				C0072EFF2B852DFC008CE3F8 /* Assets.xcassets */,
				C0072F042B852DFC008CE3F8 /* Persistence.swift */,
				C0072F062B852DFC008CE3F8 /* LiveRecipes.xcdatamodeld */,
				C0072F012B852DFC008CE3F8 /* Preview Content */,
				C0342D522B97A25E0063BBD2 /* ApplicationViewBuilder.swift */,
			);
			path = LiveRecipes;
			sourceTree = "<group>";
		};
		C0072F012B852DFC008CE3F8 /* Preview Content */ = {
			isa = PBXGroup;
			children = (
				C0072F022B852DFC008CE3F8 /* Preview Assets.xcassets */,
			);
			path = "Preview Content";
			sourceTree = "<group>";
		};
		C0072F102B852DFC008CE3F8 /* LiveRecipesTests */ = {
			isa = PBXGroup;
			children = (
				C0072F112B852DFC008CE3F8 /* LiveRecipesTests.swift */,
			);
			path = LiveRecipesTests;
			sourceTree = "<group>";
		};
		C0072F1A2B852DFC008CE3F8 /* LiveRecipesUITests */ = {
			isa = PBXGroup;
			children = (
				C0072F1B2B852DFC008CE3F8 /* LiveRecipesUITests.swift */,
				C0072F1D2B852DFC008CE3F8 /* LiveRecipesUITestsLaunchTests.swift */,
			);
			path = LiveRecipesUITests;
			sourceTree = "<group>";
		};
		C0342D222B979E480063BBD2 /* Modules */ = {
			isa = PBXGroup;
			children = (
				C0761D462BA369C700F5A63A /* List */,
				C0761D452BA369C000F5A63A /* Favorites */,
				C0761D442BA369B200F5A63A /* Cooking */,
				C0342D242B979E730063BBD2 /* Recipes */,
			);
			path = Modules;
			sourceTree = "<group>";
		};
		C0342D232B979E500063BBD2 /* Services */ = {
			isa = PBXGroup;
			children = (
				C0B474DA2BA9FCA700C789F9 /* NetworkService */,
				C0342D4B2B97A1F30063BBD2 /* NavigationService */,
			);
			path = Services;
			sourceTree = "<group>";
		};
		C0342D242B979E730063BBD2 /* Recipes */ = {
			isa = PBXGroup;
			children = (
				C0B474EB2BAA04D900C789F9 /* Components */,
				C0342D252B979E8F0063BBD2 /* RecipesAssembly.swift */,
				C0342D272B979EAD0063BBD2 /* RecipesProtocols.swift */,
				C0342D2D2B979EE40063BBD2 /* RecipesView.swift */,
				C0761D382BA3595800F5A63A /* RecipesViewModel.swift */,
				C0761D3A2BA3596100F5A63A /* RecipesModel.swift */,
			);
			path = Recipes;
			sourceTree = "<group>";
		};
		C0342D312B979F6F0063BBD2 /* Common */ = {
			isa = PBXGroup;
			children = (
				C0342D322B979F8A0063BBD2 /* ViewStateProtocol.swift */,
				C0342D342B979F940063BBD2 /* RouterProtocol.swift */,
				C0342D362B979F9F0063BBD2 /* PresenterProtocol.swift */,
				C0342D382B979FB10063BBD2 /* InteractorProtocol.swift */,
			);
			path = Common;
			sourceTree = "<group>";
		};
		C0342D4B2B97A1F30063BBD2 /* NavigationService */ = {
			isa = PBXGroup;
			children = (
				C0761D682BA3773A00F5A63A /* NavigationTabs.swift */,
			);
			path = NavigationService;
			sourceTree = "<group>";
		};
		C0342D542B97A41D0063BBD2 /* .github */ = {
			isa = PBXGroup;
			children = (
				C0342D552B97A41D0063BBD2 /* workflows */,
			);
			path = .github;
			sourceTree = "<group>";
		};
		C0342D552B97A41D0063BBD2 /* workflows */ = {
			isa = PBXGroup;
			children = (
				C0342D562B97A41D0063BBD2 /* test.yml */,
				C0342D572B97A41D0063BBD2 /* swiftlint.yml */,
			);
			path = workflows;
			sourceTree = "<group>";
		};
		C0761D3D2BA35F0A00F5A63A /* Frameworks */ = {
			isa = PBXGroup;
			children = (
			);
			name = Frameworks;
			sourceTree = "<group>";
		};
		C0761D442BA369B200F5A63A /* Cooking */ = {
			isa = PBXGroup;
			children = (
				C0761D4B2BA36A2100F5A63A /* CookingView.swift */,
				C0761D4D2BA36E6D00F5A63A /* CookingViewModel.swift */,
				C0761D4F2BA36E7600F5A63A /* CookingModel.swift */,
				C0761D592BA36EC800F5A63A /* CookingAssembly.swift */,
				C0761D5B2BA36ED600F5A63A /* CookingProtocols.swift */,
			);
			path = Cooking;
			sourceTree = "<group>";
		};
		C0761D452BA369C000F5A63A /* Favorites */ = {
			isa = PBXGroup;
			children = (
				C0761D492BA369E300F5A63A /* FavoritesView.swift */,
				C0761D512BA36E8400F5A63A /* FavoritesViewModel.swift */,
				C0761D532BA36E9200F5A63A /* FavoritesModel.swift */,
				C0761D5D2BA36EE400F5A63A /* FavoritesAssembly.swift */,
				C0761D632BA36F1200F5A63A /* FavoritesProtocols.swift */,
			);
			path = Favorites;
			sourceTree = "<group>";
		};
		C0761D462BA369C700F5A63A /* List */ = {
			isa = PBXGroup;
			children = (
				C0761D472BA369D600F5A63A /* ListView.swift */,
				C0761D552BA36EAA00F5A63A /* ListViewModel.swift */,
				C0761D572BA36EB400F5A63A /* ListModel.swift */,
				C0761D5F2BA36EEE00F5A63A /* ListAssembly.swift */,
				C0761D612BA36EFF00F5A63A /* ListProtocols.swift */,
			);
			path = List;
			sourceTree = "<group>";
		};
		C0761D652BA3750900F5A63A /* Utilities */ = {
			isa = PBXGroup;
			children = (
				C0761D662BA3754600F5A63A /* String+Localized.swift */,
			);
			path = Utilities;
			sourceTree = "<group>";
		};
		C0B474DA2BA9FCA700C789F9 /* NetworkService */ = {
			isa = PBXGroup;
			children = (
				C0B474E42BA9FDFF00C789F9 /* Target */,
				C0B474E02BA9FDAC00C789F9 /* NetworkAssembly.swift */,
				C0B474E22BA9FDB700C789F9 /* NetworkService.swift */,
				C0B474E92BAA025600C789F9 /* BaseAPI.swift */,
				C0B474E52BA9FED300C789F9 /* TargetType.swift */,
			);
			path = NetworkService;
			sourceTree = "<group>";
		};
		C0B474E42BA9FDFF00C789F9 /* Target */ = {
			isa = PBXGroup;
			children = (
				C0B474E72BA9FF3200C789F9 /* Recipe.swift */,
				C0B474EE2BAA0FB300C789F9 /* RecipeDTO.swift */,
			);
			path = Target;
			sourceTree = "<group>";
		};
		C0B474EB2BAA04D900C789F9 /* Components */ = {
			isa = PBXGroup;
			children = (
				C0B474EC2BAA052000C789F9 /* RecipeCardView.swift */,
			);
			path = Components;
			sourceTree = "<group>";
		};
/* End PBXGroup section */

/* Begin PBXNativeTarget section */
		C0072EF72B852DFA008CE3F8 /* LiveRecipes */ = {
			isa = PBXNativeTarget;
			buildConfigurationList = C0072F212B852DFC008CE3F8 /* Build configuration list for PBXNativeTarget "LiveRecipes" */;
			buildPhases = (
				C0342D792B97B6C00063BBD2 /* ShellScript */,
				C0072EF42B852DFA008CE3F8 /* Sources */,
				C0072EF52B852DFA008CE3F8 /* Frameworks */,
				C0072EF62B852DFA008CE3F8 /* Resources */,
				C0761D432BA35F0E00F5A63A /* Embed Frameworks */,
			);
			buildRules = (
			);
			dependencies = (
			);
			name = LiveRecipes;
			packageProductDependencies = (
				C0761D3E2BA35F0A00F5A63A /* Swinject */,
				C0761D402BA35F0D00F5A63A /* Swinject-Dynamic */,
				C0B474DC2BA9FCFC00C789F9 /* Alamofire */,
				C0B474DE2BA9FCFC00C789F9 /* AlamofireDynamic */,
			);
			productName = LiveRecipes;
			productReference = C0072EF82B852DFA008CE3F8 /* LiveRecipes.app */;
			productType = "com.apple.product-type.application";
		};
		C0072F0C2B852DFC008CE3F8 /* LiveRecipesTests */ = {
			isa = PBXNativeTarget;
			buildConfigurationList = C0072F242B852DFC008CE3F8 /* Build configuration list for PBXNativeTarget "LiveRecipesTests" */;
			buildPhases = (
				C0072F092B852DFC008CE3F8 /* Sources */,
				C0072F0A2B852DFC008CE3F8 /* Frameworks */,
				C0072F0B2B852DFC008CE3F8 /* Resources */,
			);
			buildRules = (
			);
			dependencies = (
				C0072F0F2B852DFC008CE3F8 /* PBXTargetDependency */,
			);
			name = LiveRecipesTests;
			productName = LiveRecipesTests;
			productReference = C0072F0D2B852DFC008CE3F8 /* LiveRecipesTests.xctest */;
			productType = "com.apple.product-type.bundle.unit-test";
		};
		C0072F162B852DFC008CE3F8 /* LiveRecipesUITests */ = {
			isa = PBXNativeTarget;
			buildConfigurationList = C0072F272B852DFC008CE3F8 /* Build configuration list for PBXNativeTarget "LiveRecipesUITests" */;
			buildPhases = (
				C0072F132B852DFC008CE3F8 /* Sources */,
				C0072F142B852DFC008CE3F8 /* Frameworks */,
				C0072F152B852DFC008CE3F8 /* Resources */,
			);
			buildRules = (
			);
			dependencies = (
				C0072F192B852DFC008CE3F8 /* PBXTargetDependency */,
			);
			name = LiveRecipesUITests;
			productName = LiveRecipesUITests;
			productReference = C0072F172B852DFC008CE3F8 /* LiveRecipesUITests.xctest */;
			productType = "com.apple.product-type.bundle.ui-testing";
		};
/* End PBXNativeTarget section */

/* Begin PBXProject section */
		C0072EF02B852DFA008CE3F8 /* Project object */ = {
			isa = PBXProject;
			attributes = {
				BuildIndependentTargetsInParallel = 1;
				LastSwiftUpdateCheck = 1520;
				LastUpgradeCheck = 1520;
				TargetAttributes = {
					C0072EF72B852DFA008CE3F8 = {
						CreatedOnToolsVersion = 15.2;
					};
					C0072F0C2B852DFC008CE3F8 = {
						CreatedOnToolsVersion = 15.2;
						TestTargetID = C0072EF72B852DFA008CE3F8;
					};
					C0072F162B852DFC008CE3F8 = {
						CreatedOnToolsVersion = 15.2;
						TestTargetID = C0072EF72B852DFA008CE3F8;
					};
				};
			};
			buildConfigurationList = C0072EF32B852DFA008CE3F8 /* Build configuration list for PBXProject "LiveRecipes" */;
			compatibilityVersion = "Xcode 14.0";
			developmentRegion = en;
			hasScannedForEncodings = 0;
			knownRegions = (
				en,
				Base,
				ru,
			);
			mainGroup = C0072EEF2B852DFA008CE3F8;
			packageReferences = (
				C0761D3C2BA35B3200F5A63A /* XCRemoteSwiftPackageReference "Swinject" */,
				C0B474DB2BA9FCFC00C789F9 /* XCRemoteSwiftPackageReference "Alamofire" */,
			);
			productRefGroup = C0072EF92B852DFA008CE3F8 /* Products */;
			projectDirPath = "";
			projectRoot = "";
			targets = (
				C0072EF72B852DFA008CE3F8 /* LiveRecipes */,
				C0072F0C2B852DFC008CE3F8 /* LiveRecipesTests */,
				C0072F162B852DFC008CE3F8 /* LiveRecipesUITests */,
			);
		};
/* End PBXProject section */

/* Begin PBXResourcesBuildPhase section */
		C0072EF62B852DFA008CE3F8 /* Resources */ = {
			isa = PBXResourcesBuildPhase;
			buildActionMask = 2147483647;
			files = (
				C0342D582B97A41D0063BBD2 /* test.yml in Resources */,
				C0342D592B97A41D0063BBD2 /* swiftlint.yml in Resources */,
				C0072F032B852DFC008CE3F8 /* Preview Assets.xcassets in Resources */,
				C0072F002B852DFC008CE3F8 /* Assets.xcassets in Resources */,
				C0072F2B2B85311E008CE3F8 /* Localizable.xcstrings in Resources */,
			);
			runOnlyForDeploymentPostprocessing = 0;
		};
		C0072F0B2B852DFC008CE3F8 /* Resources */ = {
			isa = PBXResourcesBuildPhase;
			buildActionMask = 2147483647;
			files = (
			);
			runOnlyForDeploymentPostprocessing = 0;
		};
		C0072F152B852DFC008CE3F8 /* Resources */ = {
			isa = PBXResourcesBuildPhase;
			buildActionMask = 2147483647;
			files = (
			);
			runOnlyForDeploymentPostprocessing = 0;
		};
/* End PBXResourcesBuildPhase section */

/* Begin PBXShellScriptBuildPhase section */
		C0342D792B97B6C00063BBD2 /* ShellScript */ = {
			isa = PBXShellScriptBuildPhase;
			buildActionMask = 2147483647;
			files = (
			);
			inputFileListPaths = (
			);
			inputPaths = (
			);
			outputFileListPaths = (
			);
			outputPaths = (
			);
			runOnlyForDeploymentPostprocessing = 0;
			shellPath = /bin/sh;
			shellScript = "swiftlint || true\n";
		};
/* End PBXShellScriptBuildPhase section */

/* Begin PBXSourcesBuildPhase section */
		C0072EF42B852DFA008CE3F8 /* Sources */ = {
			isa = PBXSourcesBuildPhase;
			buildActionMask = 2147483647;
			files = (
				C0342D332B979F8A0063BBD2 /* ViewStateProtocol.swift in Sources */,
				C0B474EF2BAA0FB300C789F9 /* RecipeDTO.swift in Sources */,
				C0761D4C2BA36A2100F5A63A /* CookingView.swift in Sources */,
				C0072F052B852DFC008CE3F8 /* Persistence.swift in Sources */,
				C0342D2E2B979EE40063BBD2 /* RecipesView.swift in Sources */,
				C0342D212B979E030063BBD2 /* LiveRecipesView.swift in Sources */,
				C0761D4E2BA36E6D00F5A63A /* CookingViewModel.swift in Sources */,
				C0761D5A2BA36EC800F5A63A /* CookingAssembly.swift in Sources */,
				C0761D502BA36E7600F5A63A /* CookingModel.swift in Sources */,
				C0342D372B979F9F0063BBD2 /* PresenterProtocol.swift in Sources */,
				C0B474E82BA9FF3200C789F9 /* Recipe.swift in Sources */,
				C0761D672BA3754600F5A63A /* String+Localized.swift in Sources */,
				C0072EFC2B852DFA008CE3F8 /* LiveRecipesApp.swift in Sources */,
				C0761D622BA36EFF00F5A63A /* ListProtocols.swift in Sources */,
				C0761D642BA36F1200F5A63A /* FavoritesProtocols.swift in Sources */,
				C0342D352B979F940063BBD2 /* RouterProtocol.swift in Sources */,
				C0072F082B852DFC008CE3F8 /* LiveRecipes.xcdatamodeld in Sources */,
				C0761D5C2BA36ED600F5A63A /* CookingProtocols.swift in Sources */,
				C0B474ED2BAA052000C789F9 /* RecipeCardView.swift in Sources */,
				C0B474E62BA9FED300C789F9 /* TargetType.swift in Sources */,
				C0761D542BA36E9200F5A63A /* FavoritesModel.swift in Sources */,
				C0761D5E2BA36EE400F5A63A /* FavoritesAssembly.swift in Sources */,
				C0761D482BA369D600F5A63A /* ListView.swift in Sources */,
				C0B474EA2BAA025600C789F9 /* BaseAPI.swift in Sources */,
				C0761D392BA3595800F5A63A /* RecipesViewModel.swift in Sources */,
				C0761D602BA36EEE00F5A63A /* ListAssembly.swift in Sources */,
				C0342D392B979FB10063BBD2 /* InteractorProtocol.swift in Sources */,
				C0B474E32BA9FDB700C789F9 /* NetworkService.swift in Sources */,
				C0761D562BA36EAA00F5A63A /* ListViewModel.swift in Sources */,
				C0342D532B97A25E0063BBD2 /* ApplicationViewBuilder.swift in Sources */,
				C0761D3B2BA3596100F5A63A /* RecipesModel.swift in Sources */,
				C0342D282B979EAD0063BBD2 /* RecipesProtocols.swift in Sources */,
				C0B474E12BA9FDAC00C789F9 /* NetworkAssembly.swift in Sources */,
				C0761D522BA36E8400F5A63A /* FavoritesViewModel.swift in Sources */,
				C0761D692BA3773A00F5A63A /* NavigationTabs.swift in Sources */,
				C0761D582BA36EB400F5A63A /* ListModel.swift in Sources */,
				C0342D262B979E8F0063BBD2 /* RecipesAssembly.swift in Sources */,
				C0761D4A2BA369E300F5A63A /* FavoritesView.swift in Sources */,
			);
			runOnlyForDeploymentPostprocessing = 0;
		};
		C0072F092B852DFC008CE3F8 /* Sources */ = {
			isa = PBXSourcesBuildPhase;
			buildActionMask = 2147483647;
			files = (
				C0072F122B852DFC008CE3F8 /* LiveRecipesTests.swift in Sources */,
			);
			runOnlyForDeploymentPostprocessing = 0;
		};
		C0072F132B852DFC008CE3F8 /* Sources */ = {
			isa = PBXSourcesBuildPhase;
			buildActionMask = 2147483647;
			files = (
				C0072F1E2B852DFC008CE3F8 /* LiveRecipesUITestsLaunchTests.swift in Sources */,
				C0072F1C2B852DFC008CE3F8 /* LiveRecipesUITests.swift in Sources */,
			);
			runOnlyForDeploymentPostprocessing = 0;
		};
/* End PBXSourcesBuildPhase section */

/* Begin PBXTargetDependency section */
		C0072F0F2B852DFC008CE3F8 /* PBXTargetDependency */ = {
			isa = PBXTargetDependency;
			target = C0072EF72B852DFA008CE3F8 /* LiveRecipes */;
			targetProxy = C0072F0E2B852DFC008CE3F8 /* PBXContainerItemProxy */;
		};
		C0072F192B852DFC008CE3F8 /* PBXTargetDependency */ = {
			isa = PBXTargetDependency;
			target = C0072EF72B852DFA008CE3F8 /* LiveRecipes */;
			targetProxy = C0072F182B852DFC008CE3F8 /* PBXContainerItemProxy */;
		};
/* End PBXTargetDependency section */

/* Begin XCBuildConfiguration section */
		C0072F1F2B852DFC008CE3F8 /* Debug */ = {
			isa = XCBuildConfiguration;
			buildSettings = {
				ALWAYS_SEARCH_USER_PATHS = NO;
				ASSETCATALOG_COMPILER_GENERATE_SWIFT_ASSET_SYMBOL_EXTENSIONS = YES;
				CLANG_ANALYZER_NONNULL = YES;
				CLANG_ANALYZER_NUMBER_OBJECT_CONVERSION = YES_AGGRESSIVE;
				CLANG_CXX_LANGUAGE_STANDARD = "gnu++20";
				CLANG_ENABLE_MODULES = YES;
				CLANG_ENABLE_OBJC_ARC = YES;
				CLANG_ENABLE_OBJC_WEAK = YES;
				CLANG_WARN_BLOCK_CAPTURE_AUTORELEASING = YES;
				CLANG_WARN_BOOL_CONVERSION = YES;
				CLANG_WARN_COMMA = YES;
				CLANG_WARN_CONSTANT_CONVERSION = YES;
				CLANG_WARN_DEPRECATED_OBJC_IMPLEMENTATIONS = YES;
				CLANG_WARN_DIRECT_OBJC_ISA_USAGE = YES_ERROR;
				CLANG_WARN_DOCUMENTATION_COMMENTS = YES;
				CLANG_WARN_EMPTY_BODY = YES;
				CLANG_WARN_ENUM_CONVERSION = YES;
				CLANG_WARN_INFINITE_RECURSION = YES;
				CLANG_WARN_INT_CONVERSION = YES;
				CLANG_WARN_NON_LITERAL_NULL_CONVERSION = YES;
				CLANG_WARN_OBJC_IMPLICIT_RETAIN_SELF = YES;
				CLANG_WARN_OBJC_LITERAL_CONVERSION = YES;
				CLANG_WARN_OBJC_ROOT_CLASS = YES_ERROR;
				CLANG_WARN_QUOTED_INCLUDE_IN_FRAMEWORK_HEADER = YES;
				CLANG_WARN_RANGE_LOOP_ANALYSIS = YES;
				CLANG_WARN_STRICT_PROTOTYPES = YES;
				CLANG_WARN_SUSPICIOUS_MOVE = YES;
				CLANG_WARN_UNGUARDED_AVAILABILITY = YES_AGGRESSIVE;
				CLANG_WARN_UNREACHABLE_CODE = YES;
				CLANG_WARN__DUPLICATE_METHOD_MATCH = YES;
				COPY_PHASE_STRIP = NO;
				DEBUG_INFORMATION_FORMAT = dwarf;
				ENABLE_STRICT_OBJC_MSGSEND = YES;
				ENABLE_TESTABILITY = YES;
				ENABLE_USER_SCRIPT_SANDBOXING = NO;
				GCC_C_LANGUAGE_STANDARD = gnu17;
				GCC_DYNAMIC_NO_PIC = NO;
				GCC_NO_COMMON_BLOCKS = YES;
				GCC_OPTIMIZATION_LEVEL = 0;
				GCC_PREPROCESSOR_DEFINITIONS = (
					"DEBUG=1",
					"$(inherited)",
				);
				GCC_WARN_64_TO_32_BIT_CONVERSION = YES;
				GCC_WARN_ABOUT_RETURN_TYPE = YES_ERROR;
				GCC_WARN_UNDECLARED_SELECTOR = YES;
				GCC_WARN_UNINITIALIZED_AUTOS = YES_AGGRESSIVE;
				GCC_WARN_UNUSED_FUNCTION = YES;
				GCC_WARN_UNUSED_VARIABLE = YES;
				IPHONEOS_DEPLOYMENT_TARGET = 17.0;
				LOCALIZATION_PREFERS_STRING_CATALOGS = YES;
				MTL_ENABLE_DEBUG_INFO = INCLUDE_SOURCE;
				MTL_FAST_MATH = YES;
				ONLY_ACTIVE_ARCH = YES;
				SDKROOT = iphoneos;
				SWIFT_ACTIVE_COMPILATION_CONDITIONS = "DEBUG $(inherited)";
				SWIFT_OPTIMIZATION_LEVEL = "-Onone";
			};
			name = Debug;
		};
		C0072F202B852DFC008CE3F8 /* Release */ = {
			isa = XCBuildConfiguration;
			buildSettings = {
				ALWAYS_SEARCH_USER_PATHS = NO;
				ASSETCATALOG_COMPILER_GENERATE_SWIFT_ASSET_SYMBOL_EXTENSIONS = YES;
				CLANG_ANALYZER_NONNULL = YES;
				CLANG_ANALYZER_NUMBER_OBJECT_CONVERSION = YES_AGGRESSIVE;
				CLANG_CXX_LANGUAGE_STANDARD = "gnu++20";
				CLANG_ENABLE_MODULES = YES;
				CLANG_ENABLE_OBJC_ARC = YES;
				CLANG_ENABLE_OBJC_WEAK = YES;
				CLANG_WARN_BLOCK_CAPTURE_AUTORELEASING = YES;
				CLANG_WARN_BOOL_CONVERSION = YES;
				CLANG_WARN_COMMA = YES;
				CLANG_WARN_CONSTANT_CONVERSION = YES;
				CLANG_WARN_DEPRECATED_OBJC_IMPLEMENTATIONS = YES;
				CLANG_WARN_DIRECT_OBJC_ISA_USAGE = YES_ERROR;
				CLANG_WARN_DOCUMENTATION_COMMENTS = YES;
				CLANG_WARN_EMPTY_BODY = YES;
				CLANG_WARN_ENUM_CONVERSION = YES;
				CLANG_WARN_INFINITE_RECURSION = YES;
				CLANG_WARN_INT_CONVERSION = YES;
				CLANG_WARN_NON_LITERAL_NULL_CONVERSION = YES;
				CLANG_WARN_OBJC_IMPLICIT_RETAIN_SELF = YES;
				CLANG_WARN_OBJC_LITERAL_CONVERSION = YES;
				CLANG_WARN_OBJC_ROOT_CLASS = YES_ERROR;
				CLANG_WARN_QUOTED_INCLUDE_IN_FRAMEWORK_HEADER = YES;
				CLANG_WARN_RANGE_LOOP_ANALYSIS = YES;
				CLANG_WARN_STRICT_PROTOTYPES = YES;
				CLANG_WARN_SUSPICIOUS_MOVE = YES;
				CLANG_WARN_UNGUARDED_AVAILABILITY = YES_AGGRESSIVE;
				CLANG_WARN_UNREACHABLE_CODE = YES;
				CLANG_WARN__DUPLICATE_METHOD_MATCH = YES;
				COPY_PHASE_STRIP = NO;
				DEBUG_INFORMATION_FORMAT = "dwarf-with-dsym";
				ENABLE_NS_ASSERTIONS = NO;
				ENABLE_STRICT_OBJC_MSGSEND = YES;
				ENABLE_USER_SCRIPT_SANDBOXING = NO;
				GCC_C_LANGUAGE_STANDARD = gnu17;
				GCC_NO_COMMON_BLOCKS = YES;
				GCC_WARN_64_TO_32_BIT_CONVERSION = YES;
				GCC_WARN_ABOUT_RETURN_TYPE = YES_ERROR;
				GCC_WARN_UNDECLARED_SELECTOR = YES;
				GCC_WARN_UNINITIALIZED_AUTOS = YES_AGGRESSIVE;
				GCC_WARN_UNUSED_FUNCTION = YES;
				GCC_WARN_UNUSED_VARIABLE = YES;
				IPHONEOS_DEPLOYMENT_TARGET = 17.0;
				LOCALIZATION_PREFERS_STRING_CATALOGS = YES;
				MTL_ENABLE_DEBUG_INFO = NO;
				MTL_FAST_MATH = YES;
				SDKROOT = iphoneos;
				SWIFT_COMPILATION_MODE = wholemodule;
				VALIDATE_PRODUCT = YES;
			};
			name = Release;
		};
		C0072F222B852DFC008CE3F8 /* Debug */ = {
			isa = XCBuildConfiguration;
			buildSettings = {
				ASSETCATALOG_COMPILER_APPICON_NAME = AppIcon;
				ASSETCATALOG_COMPILER_GLOBAL_ACCENT_COLOR_NAME = AccentColor;
				CODE_SIGN_STYLE = Automatic;
				CURRENT_PROJECT_VERSION = 1;
				DEVELOPMENT_ASSET_PATHS = "\"LiveRecipes/Preview Content\"";
				DEVELOPMENT_TEAM = KD82SC4QSX;
				ENABLE_PREVIEWS = YES;
				GENERATE_INFOPLIST_FILE = YES;
				INFOPLIST_FILE = LiveRecipes/Info.plist;
				INFOPLIST_KEY_UIApplicationSceneManifest_Generation = YES;
				INFOPLIST_KEY_UIApplicationSupportsIndirectInputEvents = YES;
				INFOPLIST_KEY_UILaunchScreen_Generation = YES;
				INFOPLIST_KEY_UISupportedInterfaceOrientations_iPad = "UIInterfaceOrientationPortrait UIInterfaceOrientationPortraitUpsideDown UIInterfaceOrientationLandscapeLeft UIInterfaceOrientationLandscapeRight";
				INFOPLIST_KEY_UISupportedInterfaceOrientations_iPhone = "UIInterfaceOrientationPortrait UIInterfaceOrientationLandscapeLeft UIInterfaceOrientationLandscapeRight";
				LD_RUNPATH_SEARCH_PATHS = (
					"$(inherited)",
					"@executable_path/Frameworks",
				);
				MARKETING_VERSION = 1.0;
				PRODUCT_BUNDLE_IDENTIFIER = ru.otzovik.LiveRecipes;
				PRODUCT_NAME = "$(TARGET_NAME)";
				SWIFT_EMIT_LOC_STRINGS = YES;
				SWIFT_VERSION = 5.0;
				TARGETED_DEVICE_FAMILY = "1,2";
			};
			name = Debug;
		};
		C0072F232B852DFC008CE3F8 /* Release */ = {
			isa = XCBuildConfiguration;
			buildSettings = {
				ASSETCATALOG_COMPILER_APPICON_NAME = AppIcon;
				ASSETCATALOG_COMPILER_GLOBAL_ACCENT_COLOR_NAME = AccentColor;
				CODE_SIGN_STYLE = Automatic;
				CURRENT_PROJECT_VERSION = 1;
				DEVELOPMENT_ASSET_PATHS = "\"LiveRecipes/Preview Content\"";
				DEVELOPMENT_TEAM = KD82SC4QSX;
				ENABLE_PREVIEWS = YES;
				GENERATE_INFOPLIST_FILE = YES;
				INFOPLIST_FILE = LiveRecipes/Info.plist;
				INFOPLIST_KEY_UIApplicationSceneManifest_Generation = YES;
				INFOPLIST_KEY_UIApplicationSupportsIndirectInputEvents = YES;
				INFOPLIST_KEY_UILaunchScreen_Generation = YES;
				INFOPLIST_KEY_UISupportedInterfaceOrientations_iPad = "UIInterfaceOrientationPortrait UIInterfaceOrientationPortraitUpsideDown UIInterfaceOrientationLandscapeLeft UIInterfaceOrientationLandscapeRight";
				INFOPLIST_KEY_UISupportedInterfaceOrientations_iPhone = "UIInterfaceOrientationPortrait UIInterfaceOrientationLandscapeLeft UIInterfaceOrientationLandscapeRight";
				LD_RUNPATH_SEARCH_PATHS = (
					"$(inherited)",
					"@executable_path/Frameworks",
				);
				MARKETING_VERSION = 1.0;
				PRODUCT_BUNDLE_IDENTIFIER = ru.otzovik.LiveRecipes;
				PRODUCT_NAME = "$(TARGET_NAME)";
				SWIFT_EMIT_LOC_STRINGS = YES;
				SWIFT_VERSION = 5.0;
				TARGETED_DEVICE_FAMILY = "1,2";
			};
			name = Release;
		};
		C0072F252B852DFC008CE3F8 /* Debug */ = {
			isa = XCBuildConfiguration;
			buildSettings = {
				ALWAYS_EMBED_SWIFT_STANDARD_LIBRARIES = YES;
				BUNDLE_LOADER = "$(TEST_HOST)";
				CODE_SIGN_STYLE = Automatic;
				CURRENT_PROJECT_VERSION = 1;
				DEVELOPMENT_TEAM = KD82SC4QSX;
				GENERATE_INFOPLIST_FILE = YES;
				IPHONEOS_DEPLOYMENT_TARGET = 17.0;
				MARKETING_VERSION = 1.0;
				PRODUCT_BUNDLE_IDENTIFIER = ru.otzovik.LiveRecipesTests;
				PRODUCT_NAME = "$(TARGET_NAME)";
				SWIFT_EMIT_LOC_STRINGS = NO;
				SWIFT_VERSION = 5.0;
				TARGETED_DEVICE_FAMILY = "1,2";
				TEST_HOST = "$(BUILT_PRODUCTS_DIR)/LiveRecipes.app/$(BUNDLE_EXECUTABLE_FOLDER_PATH)/LiveRecipes";
			};
			name = Debug;
		};
		C0072F262B852DFC008CE3F8 /* Release */ = {
			isa = XCBuildConfiguration;
			buildSettings = {
				ALWAYS_EMBED_SWIFT_STANDARD_LIBRARIES = YES;
				BUNDLE_LOADER = "$(TEST_HOST)";
				CODE_SIGN_STYLE = Automatic;
				CURRENT_PROJECT_VERSION = 1;
				DEVELOPMENT_TEAM = KD82SC4QSX;
				GENERATE_INFOPLIST_FILE = YES;
				IPHONEOS_DEPLOYMENT_TARGET = 17.0;
				MARKETING_VERSION = 1.0;
				PRODUCT_BUNDLE_IDENTIFIER = ru.otzovik.LiveRecipesTests;
				PRODUCT_NAME = "$(TARGET_NAME)";
				SWIFT_EMIT_LOC_STRINGS = NO;
				SWIFT_VERSION = 5.0;
				TARGETED_DEVICE_FAMILY = "1,2";
				TEST_HOST = "$(BUILT_PRODUCTS_DIR)/LiveRecipes.app/$(BUNDLE_EXECUTABLE_FOLDER_PATH)/LiveRecipes";
			};
			name = Release;
		};
		C0072F282B852DFC008CE3F8 /* Debug */ = {
			isa = XCBuildConfiguration;
			buildSettings = {
				ALWAYS_EMBED_SWIFT_STANDARD_LIBRARIES = YES;
				CODE_SIGN_STYLE = Automatic;
				CURRENT_PROJECT_VERSION = 1;
				DEVELOPMENT_TEAM = KD82SC4QSX;
				GENERATE_INFOPLIST_FILE = YES;
				MARKETING_VERSION = 1.0;
				PRODUCT_BUNDLE_IDENTIFIER = ru.otzovik.LiveRecipesUITests;
				PRODUCT_NAME = "$(TARGET_NAME)";
				SWIFT_EMIT_LOC_STRINGS = NO;
				SWIFT_VERSION = 5.0;
				TARGETED_DEVICE_FAMILY = "1,2";
				TEST_TARGET_NAME = LiveRecipes;
			};
			name = Debug;
		};
		C0072F292B852DFC008CE3F8 /* Release */ = {
			isa = XCBuildConfiguration;
			buildSettings = {
				ALWAYS_EMBED_SWIFT_STANDARD_LIBRARIES = YES;
				CODE_SIGN_STYLE = Automatic;
				CURRENT_PROJECT_VERSION = 1;
				DEVELOPMENT_TEAM = KD82SC4QSX;
				GENERATE_INFOPLIST_FILE = YES;
				MARKETING_VERSION = 1.0;
				PRODUCT_BUNDLE_IDENTIFIER = ru.otzovik.LiveRecipesUITests;
				PRODUCT_NAME = "$(TARGET_NAME)";
				SWIFT_EMIT_LOC_STRINGS = NO;
				SWIFT_VERSION = 5.0;
				TARGETED_DEVICE_FAMILY = "1,2";
				TEST_TARGET_NAME = LiveRecipes;
			};
			name = Release;
		};
/* End XCBuildConfiguration section */

/* Begin XCConfigurationList section */
		C0072EF32B852DFA008CE3F8 /* Build configuration list for PBXProject "LiveRecipes" */ = {
			isa = XCConfigurationList;
			buildConfigurations = (
				C0072F1F2B852DFC008CE3F8 /* Debug */,
				C0072F202B852DFC008CE3F8 /* Release */,
			);
			defaultConfigurationIsVisible = 0;
			defaultConfigurationName = Release;
		};
		C0072F212B852DFC008CE3F8 /* Build configuration list for PBXNativeTarget "LiveRecipes" */ = {
			isa = XCConfigurationList;
			buildConfigurations = (
				C0072F222B852DFC008CE3F8 /* Debug */,
				C0072F232B852DFC008CE3F8 /* Release */,
			);
			defaultConfigurationIsVisible = 0;
			defaultConfigurationName = Release;
		};
		C0072F242B852DFC008CE3F8 /* Build configuration list for PBXNativeTarget "LiveRecipesTests" */ = {
			isa = XCConfigurationList;
			buildConfigurations = (
				C0072F252B852DFC008CE3F8 /* Debug */,
				C0072F262B852DFC008CE3F8 /* Release */,
			);
			defaultConfigurationIsVisible = 0;
			defaultConfigurationName = Release;
		};
		C0072F272B852DFC008CE3F8 /* Build configuration list for PBXNativeTarget "LiveRecipesUITests" */ = {
			isa = XCConfigurationList;
			buildConfigurations = (
				C0072F282B852DFC008CE3F8 /* Debug */,
				C0072F292B852DFC008CE3F8 /* Release */,
			);
			defaultConfigurationIsVisible = 0;
			defaultConfigurationName = Release;
		};
/* End XCConfigurationList section */

/* Begin XCRemoteSwiftPackageReference section */
		C0761D3C2BA35B3200F5A63A /* XCRemoteSwiftPackageReference "Swinject" */ = {
			isa = XCRemoteSwiftPackageReference;
			repositoryURL = "https://github.com/Swinject/Swinject";
			requirement = {
				kind = upToNextMajorVersion;
				minimumVersion = 2.8.4;
			};
		};
		C0B474DB2BA9FCFC00C789F9 /* XCRemoteSwiftPackageReference "Alamofire" */ = {
			isa = XCRemoteSwiftPackageReference;
			repositoryURL = "https://github.com/Alamofire/Alamofire.git";
			requirement = {
				kind = upToNextMajorVersion;
				minimumVersion = 5.9.0;
			};
		};
/* End XCRemoteSwiftPackageReference section */

/* Begin XCSwiftPackageProductDependency section */
		C0761D3E2BA35F0A00F5A63A /* Swinject */ = {
			isa = XCSwiftPackageProductDependency;
			package = C0761D3C2BA35B3200F5A63A /* XCRemoteSwiftPackageReference "Swinject" */;
			productName = Swinject;
		};
		C0761D402BA35F0D00F5A63A /* Swinject-Dynamic */ = {
			isa = XCSwiftPackageProductDependency;
			package = C0761D3C2BA35B3200F5A63A /* XCRemoteSwiftPackageReference "Swinject" */;
			productName = "Swinject-Dynamic";
		};
		C0B474DC2BA9FCFC00C789F9 /* Alamofire */ = {
			isa = XCSwiftPackageProductDependency;
			package = C0B474DB2BA9FCFC00C789F9 /* XCRemoteSwiftPackageReference "Alamofire" */;
			productName = Alamofire;
		};
		C0B474DE2BA9FCFC00C789F9 /* AlamofireDynamic */ = {
			isa = XCSwiftPackageProductDependency;
			package = C0B474DB2BA9FCFC00C789F9 /* XCRemoteSwiftPackageReference "Alamofire" */;
			productName = AlamofireDynamic;
		};
/* End XCSwiftPackageProductDependency section */

/* Begin XCVersionGroup section */
		C0072F062B852DFC008CE3F8 /* LiveRecipes.xcdatamodeld */ = {
			isa = XCVersionGroup;
			children = (
				C0072F072B852DFC008CE3F8 /* LiveRecipes.xcdatamodel */,
			);
			currentVersion = C0072F072B852DFC008CE3F8 /* LiveRecipes.xcdatamodel */;
			path = LiveRecipes.xcdatamodeld;
			sourceTree = "<group>";
			versionGroupType = wrapper.xcdatamodel;
		};
/* End XCVersionGroup section */
	};
	rootObject = C0072EF02B852DFA008CE3F8 /* Project object */;
}
