// !$*UTF8*$!
{
	archiveVersion = 1;
	classes = {
	};
	objectVersion = 56;
	objects = {

/* Begin PBXBuildFile section */
		660E205A2BC6D1FB00BB23AA /* FiltersView.swift in Sources */ = {isa = PBXBuildFile; fileRef = 660E20592BC6D1FB00BB23AA /* FiltersView.swift */; };
		66266C6D2BD2F6D300DE08E6 /* CookToTimeView.swift in Sources */ = {isa = PBXBuildFile; fileRef = 66266C6C2BD2F6D300DE08E6 /* CookToTimeView.swift */; };
		66266C6F2BD40C3900DE08E6 /* DietCellView.swift in Sources */ = {isa = PBXBuildFile; fileRef = 66266C6E2BD40C3900DE08E6 /* DietCellView.swift */; };
		66422F282BCE89C300DD5E56 /* RecipeBigCardView.swift in Sources */ = {isa = PBXBuildFile; fileRef = 66422F272BCE89C300DD5E56 /* RecipeBigCardView.swift */; };
		669EE86D2BBAB76A009B1AB5 /* KeyWordsView.swift in Sources */ = {isa = PBXBuildFile; fileRef = 669EE86C2BBAB76A009B1AB5 /* KeyWordsView.swift */; };
		66A5FBAE2BEF5A5F00730AA4 /* CardToTimeView.swift in Sources */ = {isa = PBXBuildFile; fileRef = 66A5FBAD2BEF5A5F00730AA4 /* CardToTimeView.swift */; };
		66B585ED2BB86C6000FEF708 /* RecentRecipesView.swift in Sources */ = {isa = PBXBuildFile; fileRef = 66B585EC2BB86C6000FEF708 /* RecentRecipesView.swift */; };
		66B585EF2BB87C9500FEF708 /* AllRecipesView.swift in Sources */ = {isa = PBXBuildFile; fileRef = 66B585EE2BB87C9500FEF708 /* AllRecipesView.swift */; };
		66B585F12BB87E4200FEF708 /* MyRecipesView.swift in Sources */ = {isa = PBXBuildFile; fileRef = 66B585F02BB87E4200FEF708 /* MyRecipesView.swift */; };
		745DA4D12BB862B300BE4C5D /* OneDishView.swift in Sources */ = {isa = PBXBuildFile; fileRef = 745DA4D02BB862B300BE4C5D /* OneDishView.swift */; };
		745DA4D32BB862BF00BE4C5D /* OneDishModel.swift in Sources */ = {isa = PBXBuildFile; fileRef = 745DA4D22BB862BF00BE4C5D /* OneDishModel.swift */; };
		745DA4D52BB862C800BE4C5D /* OneDishViewModel.swift in Sources */ = {isa = PBXBuildFile; fileRef = 745DA4D42BB862C800BE4C5D /* OneDishViewModel.swift */; };
		745DA4D72BB862D500BE4C5D /* OneDishAssembly.swift in Sources */ = {isa = PBXBuildFile; fileRef = 745DA4D62BB862D500BE4C5D /* OneDishAssembly.swift */; };
		745DA4D92BB862EC00BE4C5D /* OneDishProtocols.swift in Sources */ = {isa = PBXBuildFile; fileRef = 745DA4D82BB862EC00BE4C5D /* OneDishProtocols.swift */; };
		745DA4DB2BC889DD00BE4C5D /* OneStepView.swift in Sources */ = {isa = PBXBuildFile; fileRef = 745DA4DA2BC889DD00BE4C5D /* OneStepView.swift */; };
		748A53C32BF38FFF008063EE /* OneStepViewModel.swift in Sources */ = {isa = PBXBuildFile; fileRef = 748A53C22BF38FFF008063EE /* OneStepViewModel.swift */; };
		748A53C52BF390BD008063EE /* TabSelectionManagerAssembly.swift in Sources */ = {isa = PBXBuildFile; fileRef = 748A53C42BF390BD008063EE /* TabSelectionManagerAssembly.swift */; };
		74BF32C92BEF92B100C946D5 /* WidgetKit.framework in Frameworks */ = {isa = PBXBuildFile; fileRef = 74BF32C82BEF92B100C946D5 /* WidgetKit.framework */; };
		74BF32CB2BEF92B100C946D5 /* SwiftUI.framework in Frameworks */ = {isa = PBXBuildFile; fileRef = 74BF32CA2BEF92B100C946D5 /* SwiftUI.framework */; };
		74BF32CE2BEF92B100C946D5 /* TimerActivityWidgetBundle.swift in Sources */ = {isa = PBXBuildFile; fileRef = 74BF32CD2BEF92B100C946D5 /* TimerActivityWidgetBundle.swift */; };
		74BF32D02BEF92B100C946D5 /* TimerActivityWidgetLiveActivity.swift in Sources */ = {isa = PBXBuildFile; fileRef = 74BF32CF2BEF92B100C946D5 /* TimerActivityWidgetLiveActivity.swift */; };
		74BF32D22BEF92B100C946D5 /* TimerActivityWidget.swift in Sources */ = {isa = PBXBuildFile; fileRef = 74BF32D12BEF92B100C946D5 /* TimerActivityWidget.swift */; };
		74BF32D42BEF92B100C946D5 /* AppIntent.swift in Sources */ = {isa = PBXBuildFile; fileRef = 74BF32D32BEF92B100C946D5 /* AppIntent.swift */; };
		74BF32D62BEF92B300C946D5 /* Assets.xcassets in Resources */ = {isa = PBXBuildFile; fileRef = 74BF32D52BEF92B300C946D5 /* Assets.xcassets */; };
		74BF32DA2BEF92B300C946D5 /* TimerActivityWidgetExtension.appex in Embed Foundation Extensions */ = {isa = PBXBuildFile; fileRef = 74BF32C72BEF92B100C946D5 /* TimerActivityWidgetExtension.appex */; settings = {ATTRIBUTES = (RemoveHeadersOnCopy, ); }; };
		74BF32E02BEF933C00C946D5 /* LiveActivityAttributes.swift in Sources */ = {isa = PBXBuildFile; fileRef = 74BF32DF2BEF933C00C946D5 /* LiveActivityAttributes.swift */; };
		74BF32E72BF167DA00C946D5 /* LiveActivityAttributes.swift in Sources */ = {isa = PBXBuildFile; fileRef = 74BF32DF2BEF933C00C946D5 /* LiveActivityAttributes.swift */; };
		74BF32E92BF1687A00C946D5 /* CustomTimerViewStyle.swift in Sources */ = {isa = PBXBuildFile; fileRef = 74BF32E82BF1687A00C946D5 /* CustomTimerViewStyle.swift */; };
		74BF32EA2BF1687A00C946D5 /* CustomTimerViewStyle.swift in Sources */ = {isa = PBXBuildFile; fileRef = 74BF32E82BF1687A00C946D5 /* CustomTimerViewStyle.swift */; };
		74BF32EC2BF16B2600C946D5 /* String+Localized.swift in Sources */ = {isa = PBXBuildFile; fileRef = C0EA6C632BB85AEC00995C49 /* String+Localized.swift */; };
		74D1B8542BD7BED300F317A9 /* PrepareForCookingView.swift in Sources */ = {isa = PBXBuildFile; fileRef = 74D1B8532BD7BED300F317A9 /* PrepareForCookingView.swift */; };
		74D1B8582BD8688600F317A9 /* TransperentBlur.swift in Sources */ = {isa = PBXBuildFile; fileRef = 74D1B8572BD8688600F317A9 /* TransperentBlur.swift */; };
		74D1B85B2BD9443400F317A9 /* StartCookingButton.swift in Sources */ = {isa = PBXBuildFile; fileRef = 74D1B85A2BD9443400F317A9 /* StartCookingButton.swift */; };
		74D1B85D2BD9446400F317A9 /* DurationTextWithBlur.swift in Sources */ = {isa = PBXBuildFile; fileRef = 74D1B85C2BD9446400F317A9 /* DurationTextWithBlur.swift */; };
		74D1B85F2BD9447F00F317A9 /* IngredientRunningTextView.swift in Sources */ = {isa = PBXBuildFile; fileRef = 74D1B85E2BD9447F00F317A9 /* IngredientRunningTextView.swift */; };
		74D1B8612BD944BA00F317A9 /* BlinkingText + TimerView.swift in Sources */ = {isa = PBXBuildFile; fileRef = 74D1B8602BD944BA00F317A9 /* BlinkingText + TimerView.swift */; };
		74D1B8632BD9453700F317A9 /* NoStepsView.swift in Sources */ = {isa = PBXBuildFile; fileRef = 74D1B8622BD9453700F317A9 /* NoStepsView.swift */; };
		C0EA6C3E2BB85A9200995C49 /* LiveRecipesTests.swift in Sources */ = {isa = PBXBuildFile; fileRef = C0EA6C3D2BB85A9200995C49 /* LiveRecipesTests.swift */; };
		C0EA6C482BB85A9200995C49 /* LiveRecipesUITests.swift in Sources */ = {isa = PBXBuildFile; fileRef = C0EA6C472BB85A9200995C49 /* LiveRecipesUITests.swift */; };
		C0EA6C4A2BB85A9200995C49 /* LiveRecipesUITestsLaunchTests.swift in Sources */ = {isa = PBXBuildFile; fileRef = C0EA6C492BB85A9200995C49 /* LiveRecipesUITestsLaunchTests.swift */; };
		C0EA6C942BB85AED00995C49 /* TargetType.swift in Sources */ = {isa = PBXBuildFile; fileRef = C0EA6C592BB85AEC00995C49 /* TargetType.swift */; };
		C0EA6C952BB85AED00995C49 /* Recipe.swift in Sources */ = {isa = PBXBuildFile; fileRef = C0EA6C5B2BB85AEC00995C49 /* Recipe.swift */; };
		C0EA6C962BB85AED00995C49 /* RecipeDTO.swift in Sources */ = {isa = PBXBuildFile; fileRef = C0EA6C5C2BB85AEC00995C49 /* RecipeDTO.swift */; };
		C0EA6C972BB85AED00995C49 /* BaseAPI.swift in Sources */ = {isa = PBXBuildFile; fileRef = C0EA6C5D2BB85AEC00995C49 /* BaseAPI.swift */; };
		C0EA6C982BB85AED00995C49 /* NetworkService.swift in Sources */ = {isa = PBXBuildFile; fileRef = C0EA6C5E2BB85AEC00995C49 /* NetworkService.swift */; };
		C0EA6C992BB85AED00995C49 /* NetworkAssembly.swift in Sources */ = {isa = PBXBuildFile; fileRef = C0EA6C5F2BB85AEC00995C49 /* NetworkAssembly.swift */; };
		C0EA6C9A2BB85AED00995C49 /* NavigationTabs.swift in Sources */ = {isa = PBXBuildFile; fileRef = C0EA6C612BB85AEC00995C49 /* NavigationTabs.swift */; };
		C0EA6C9B2BB85AED00995C49 /* String+Localized.swift in Sources */ = {isa = PBXBuildFile; fileRef = C0EA6C632BB85AEC00995C49 /* String+Localized.swift */; };
		C0EA6C9C2BB85AED00995C49 /* ApplicationViewBuilder.swift in Sources */ = {isa = PBXBuildFile; fileRef = C0EA6C642BB85AEC00995C49 /* ApplicationViewBuilder.swift */; };
		C0EA6C9D2BB85AED00995C49 /* PresenterProtocol.swift in Sources */ = {isa = PBXBuildFile; fileRef = C0EA6C662BB85AEC00995C49 /* PresenterProtocol.swift */; };
		C0EA6C9E2BB85AED00995C49 /* ViewStateProtocol.swift in Sources */ = {isa = PBXBuildFile; fileRef = C0EA6C672BB85AEC00995C49 /* ViewStateProtocol.swift */; };
		C0EA6C9F2BB85AED00995C49 /* RouterProtocol.swift in Sources */ = {isa = PBXBuildFile; fileRef = C0EA6C682BB85AEC00995C49 /* RouterProtocol.swift */; };
		C0EA6CA02BB85AED00995C49 /* InteractorProtocol.swift in Sources */ = {isa = PBXBuildFile; fileRef = C0EA6C692BB85AEC00995C49 /* InteractorProtocol.swift */; };
		C0EA6CA12BB85AED00995C49 /* Assets.xcassets in Resources */ = {isa = PBXBuildFile; fileRef = C0EA6C6A2BB85AEC00995C49 /* Assets.xcassets */; };
		C0EA6CA42BB85AED00995C49 /* LiveRecipesApp.swift in Sources */ = {isa = PBXBuildFile; fileRef = C0EA6C6E2BB85AEC00995C49 /* LiveRecipesApp.swift */; };
		C0EA6CA52BB85AED00995C49 /* Localizable.xcstrings in Resources */ = {isa = PBXBuildFile; fileRef = C0EA6C6F2BB85AEC00995C49 /* Localizable.xcstrings */; };
		C0EA6CA62BB85AED00995C49 /* CookingView.swift in Sources */ = {isa = PBXBuildFile; fileRef = C0EA6C722BB85AEC00995C49 /* CookingView.swift */; };
		C0EA6CA72BB85AED00995C49 /* CookingViewModel.swift in Sources */ = {isa = PBXBuildFile; fileRef = C0EA6C732BB85AEC00995C49 /* CookingViewModel.swift */; };
		C0EA6CA82BB85AED00995C49 /* CookingProtocols.swift in Sources */ = {isa = PBXBuildFile; fileRef = C0EA6C742BB85AEC00995C49 /* CookingProtocols.swift */; };
		C0EA6CA92BB85AED00995C49 /* CookingAssembly.swift in Sources */ = {isa = PBXBuildFile; fileRef = C0EA6C752BB85AEC00995C49 /* CookingAssembly.swift */; };
		C0EA6CAA2BB85AED00995C49 /* CookingModel.swift in Sources */ = {isa = PBXBuildFile; fileRef = C0EA6C762BB85AEC00995C49 /* CookingModel.swift */; };
		C0EA6CAB2BB85AED00995C49 /* FavoritesViewModel.swift in Sources */ = {isa = PBXBuildFile; fileRef = C0EA6C782BB85AEC00995C49 /* FavoritesViewModel.swift */; };
		C0EA6CAC2BB85AED00995C49 /* FavoritesView.swift in Sources */ = {isa = PBXBuildFile; fileRef = C0EA6C792BB85AEC00995C49 /* FavoritesView.swift */; };
		C0EA6CAD2BB85AED00995C49 /* FavoritesAssembly.swift in Sources */ = {isa = PBXBuildFile; fileRef = C0EA6C7A2BB85AEC00995C49 /* FavoritesAssembly.swift */; };
		C0EA6CAE2BB85AED00995C49 /* FavoritesProtocols.swift in Sources */ = {isa = PBXBuildFile; fileRef = C0EA6C7B2BB85AEC00995C49 /* FavoritesProtocols.swift */; };
		C0EA6CAF2BB85AED00995C49 /* FavoritesModel.swift in Sources */ = {isa = PBXBuildFile; fileRef = C0EA6C7C2BB85AEC00995C49 /* FavoritesModel.swift */; };
		C0EA6CB02BB85AED00995C49 /* CreationAssembly.swift in Sources */ = {isa = PBXBuildFile; fileRef = C0EA6C7E2BB85AEC00995C49 /* CreationAssembly.swift */; };
		C0EA6CB12BB85AED00995C49 /* CreationProtocols.swift in Sources */ = {isa = PBXBuildFile; fileRef = C0EA6C7F2BB85AEC00995C49 /* CreationProtocols.swift */; };
		C0EA6CB22BB85AED00995C49 /* CreationViewModel.swift in Sources */ = {isa = PBXBuildFile; fileRef = C0EA6C802BB85AEC00995C49 /* CreationViewModel.swift */; };
		C0EA6CB32BB85AED00995C49 /* CreationView.swift in Sources */ = {isa = PBXBuildFile; fileRef = C0EA6C812BB85AEC00995C49 /* CreationView.swift */; };
		C0EA6CB42BB85AED00995C49 /* CreationModel.swift in Sources */ = {isa = PBXBuildFile; fileRef = C0EA6C822BB85AEC00995C49 /* CreationModel.swift */; };
		C0EA6CB52BB85AED00995C49 /* RecipesAssembly.swift in Sources */ = {isa = PBXBuildFile; fileRef = C0EA6C842BB85AEC00995C49 /* RecipesAssembly.swift */; };
		C0EA6CB62BB85AED00995C49 /* RecipesModel.swift in Sources */ = {isa = PBXBuildFile; fileRef = C0EA6C852BB85AEC00995C49 /* RecipesModel.swift */; };
		C0EA6CB72BB85AED00995C49 /* RecipesViewModel.swift in Sources */ = {isa = PBXBuildFile; fileRef = C0EA6C862BB85AEC00995C49 /* RecipesViewModel.swift */; };
		C0EA6CB82BB85AED00995C49 /* RecipesView.swift in Sources */ = {isa = PBXBuildFile; fileRef = C0EA6C872BB85AEC00995C49 /* RecipesView.swift */; };
		C0EA6CB92BB85AED00995C49 /* RecipeCardView.swift in Sources */ = {isa = PBXBuildFile; fileRef = C0EA6C892BB85AEC00995C49 /* RecipeCardView.swift */; };
		C0EA6CBA2BB85AED00995C49 /* RecipesProtocols.swift in Sources */ = {isa = PBXBuildFile; fileRef = C0EA6C8A2BB85AEC00995C49 /* RecipesProtocols.swift */; };
		C0EA6CBB2BB85AED00995C49 /* ListModel.swift in Sources */ = {isa = PBXBuildFile; fileRef = C0EA6C8C2BB85AEC00995C49 /* ListModel.swift */; };
		C0EA6CBC2BB85AED00995C49 /* ListView.swift in Sources */ = {isa = PBXBuildFile; fileRef = C0EA6C8D2BB85AEC00995C49 /* ListView.swift */; };
		C0EA6CBD2BB85AED00995C49 /* ListProtocols.swift in Sources */ = {isa = PBXBuildFile; fileRef = C0EA6C8E2BB85AEC00995C49 /* ListProtocols.swift */; };
		C0EA6CBE2BB85AED00995C49 /* ListViewModel.swift in Sources */ = {isa = PBXBuildFile; fileRef = C0EA6C8F2BB85AEC00995C49 /* ListViewModel.swift */; };
		C0EA6CBF2BB85AED00995C49 /* ListAssembly.swift in Sources */ = {isa = PBXBuildFile; fileRef = C0EA6C902BB85AEC00995C49 /* ListAssembly.swift */; };
		C0EA6CC02BB85AED00995C49 /* LiveRecipesView.swift in Sources */ = {isa = PBXBuildFile; fileRef = C0EA6C912BB85AED00995C49 /* LiveRecipesView.swift */; };
		C0EA6CC12BB85AED00995C49 /* Preview Assets.xcassets in Resources */ = {isa = PBXBuildFile; fileRef = C0EA6C932BB85AED00995C49 /* Preview Assets.xcassets */; };
		C0EA6CC42BB85B1500995C49 /* Alamofire in Frameworks */ = {isa = PBXBuildFile; productRef = C0EA6CC32BB85B1500995C49 /* Alamofire */; };
		C0EA6CC92BB85B3C00995C49 /* Swinject in Frameworks */ = {isa = PBXBuildFile; productRef = C0EA6CC82BB85B3C00995C49 /* Swinject */; };
		D003AFF92BCBCA1A00873500 /* StepView.swift in Sources */ = {isa = PBXBuildFile; fileRef = D003AFF82BCBCA1A00873500 /* StepView.swift */; };
		D01FA38B2BE3AE2600890D71 /* RecipeDataManager.swift in Sources */ = {isa = PBXBuildFile; fileRef = D01FA38A2BE3AE2600890D71 /* RecipeDataManager.swift */; };
		D02D7EEA2BCD79630056DC33 /* CreationPhotoFileManager.swift in Sources */ = {isa = PBXBuildFile; fileRef = D02D7EE92BCD79620056DC33 /* CreationPhotoFileManager.swift */; };
		D02D7EEC2BCD79760056DC33 /* CreationPhotoFileProtocol.swift in Sources */ = {isa = PBXBuildFile; fileRef = D02D7EEB2BCD79760056DC33 /* CreationPhotoFileProtocol.swift */; };
		D02D7EEE2BCD7E5E0056DC33 /* ImagePicker.swift in Sources */ = {isa = PBXBuildFile; fileRef = D02D7EED2BCD7E5E0056DC33 /* ImagePicker.swift */; };
		D02D7F0F2BCDB5FB0056DC33 /* Dish.swift in Sources */ = {isa = PBXBuildFile; fileRef = D02D7F0E2BCDB5FB0056DC33 /* Dish.swift */; };
		D02D7F122BCDB6200056DC33 /* DishComposition.swift in Sources */ = {isa = PBXBuildFile; fileRef = D02D7F112BCDB6200056DC33 /* DishComposition.swift */; };
		D02D7F142BCDB6390056DC33 /* DishStep.swift in Sources */ = {isa = PBXBuildFile; fileRef = D02D7F132BCDB6390056DC33 /* DishStep.swift */; };
		D0596F942BC7FC3B00A1BF50 /* LiveRecipesDB.xcdatamodeld in Sources */ = {isa = PBXBuildFile; fileRef = D0596F922BC7FC3B00A1BF50 /* LiveRecipesDB.xcdatamodeld */; };
		D0596F962BC7FCA200A1BF50 /* CoreDataManager.swift in Sources */ = {isa = PBXBuildFile; fileRef = D0596F952BC7FCA200A1BF50 /* CoreDataManager.swift */; };
		D0596FA42BC862B200A1BF50 /* SettingsAssembly.swift in Sources */ = {isa = PBXBuildFile; fileRef = D0596FA32BC862B200A1BF50 /* SettingsAssembly.swift */; };
		D0596FA62BC862DB00A1BF50 /* SettingsProtocols.swift in Sources */ = {isa = PBXBuildFile; fileRef = D0596FA52BC862DB00A1BF50 /* SettingsProtocols.swift */; };
		D0596FA82BC8630300A1BF50 /* SettingsViewModel.swift in Sources */ = {isa = PBXBuildFile; fileRef = D0596FA72BC8630300A1BF50 /* SettingsViewModel.swift */; };
		D0596FAA2BC8632100A1BF50 /* SettingsView.swift in Sources */ = {isa = PBXBuildFile; fileRef = D0596FA92BC8632100A1BF50 /* SettingsView.swift */; };
		D0596FAC2BC8633F00A1BF50 /* SettingsModel.swift in Sources */ = {isa = PBXBuildFile; fileRef = D0596FAB2BC8633F00A1BF50 /* SettingsModel.swift */; };
		D070FB642BCF4D2D009EE042 /* CreationError.swift in Sources */ = {isa = PBXBuildFile; fileRef = D070FB632BCF4D2D009EE042 /* CreationError.swift */; };
		D093B7282BF28E6C00C2F6C4 /* Nutrition.swift in Sources */ = {isa = PBXBuildFile; fileRef = D093B7272BF28E6C00C2F6C4 /* Nutrition.swift */; };
		D093B72F2BF2920800C2F6C4 /* CreationRecipeCompositionEntity+CoreDataClass.swift in Sources */ = {isa = PBXBuildFile; fileRef = D093B7292BF2920800C2F6C4 /* CreationRecipeCompositionEntity+CoreDataClass.swift */; };
		D093B7302BF2920800C2F6C4 /* CreationRecipeCompositionEntity+CoreDataProperties.swift in Sources */ = {isa = PBXBuildFile; fileRef = D093B72A2BF2920800C2F6C4 /* CreationRecipeCompositionEntity+CoreDataProperties.swift */; };
		D093B7312BF2920800C2F6C4 /* CreationRecipeStepEntity+CoreDataClass.swift in Sources */ = {isa = PBXBuildFile; fileRef = D093B72B2BF2920800C2F6C4 /* CreationRecipeStepEntity+CoreDataClass.swift */; };
		D093B7322BF2920800C2F6C4 /* CreationRecipeStepEntity+CoreDataProperties.swift in Sources */ = {isa = PBXBuildFile; fileRef = D093B72C2BF2920800C2F6C4 /* CreationRecipeStepEntity+CoreDataProperties.swift */; };
		D093B7332BF2920800C2F6C4 /* CreationRecipeEntity+CoreDataClass.swift in Sources */ = {isa = PBXBuildFile; fileRef = D093B72D2BF2920800C2F6C4 /* CreationRecipeEntity+CoreDataClass.swift */; };
		D093B7342BF2920800C2F6C4 /* CreationRecipeEntity+CoreDataProperties.swift in Sources */ = {isa = PBXBuildFile; fileRef = D093B72E2BF2920800C2F6C4 /* CreationRecipeEntity+CoreDataProperties.swift */; };
		D09CFB572BEAAADE00E341AD /* ListDataManager.swift in Sources */ = {isa = PBXBuildFile; fileRef = D09CFB562BEAAADD00E341AD /* ListDataManager.swift */; };
		D0B36AD52BCA9B1A00D8826D /* CreationViewController.swift in Sources */ = {isa = PBXBuildFile; fileRef = D0B36AD42BCA9B1A00D8826D /* CreationViewController.swift */; };
		D0FA9E132BCFF2DE0010F42B /* ListRecipeItemEntity+CoreDataClass.swift in Sources */ = {isa = PBXBuildFile; fileRef = D0FA9E092BCFF2DE0010F42B /* ListRecipeItemEntity+CoreDataClass.swift */; };
		D0FA9E142BCFF2DE0010F42B /* ListRecipeItemEntity+CoreDataProperties.swift in Sources */ = {isa = PBXBuildFile; fileRef = D0FA9E0A2BCFF2DE0010F42B /* ListRecipeItemEntity+CoreDataProperties.swift */; };
		D0FA9E192BCFF2DE0010F42B /* ListRecipeEntity+CoreDataClass.swift in Sources */ = {isa = PBXBuildFile; fileRef = D0FA9E0F2BCFF2DE0010F42B /* ListRecipeEntity+CoreDataClass.swift */; };
		D0FA9E1A2BCFF2DE0010F42B /* ListRecipeEntity+CoreDataProperties.swift in Sources */ = {isa = PBXBuildFile; fileRef = D0FA9E102BCFF2DE0010F42B /* ListRecipeEntity+CoreDataProperties.swift */; };
/* End PBXBuildFile section */

/* Begin PBXContainerItemProxy section */
		74BF32D82BEF92B300C946D5 /* PBXContainerItemProxy */ = {
			isa = PBXContainerItemProxy;
			containerPortal = C0EA6C1C2BB85A9100995C49 /* Project object */;
			proxyType = 1;
			remoteGlobalIDString = 74BF32C62BEF92B100C946D5;
			remoteInfo = TimerActivityWidgetExtension;
		};
		C0EA6C3A2BB85A9200995C49 /* PBXContainerItemProxy */ = {
			isa = PBXContainerItemProxy;
			containerPortal = C0EA6C1C2BB85A9100995C49 /* Project object */;
			proxyType = 1;
			remoteGlobalIDString = C0EA6C232BB85A9100995C49;
			remoteInfo = LiveRecipes;
		};
		C0EA6C442BB85A9200995C49 /* PBXContainerItemProxy */ = {
			isa = PBXContainerItemProxy;
			containerPortal = C0EA6C1C2BB85A9100995C49 /* Project object */;
			proxyType = 1;
			remoteGlobalIDString = C0EA6C232BB85A9100995C49;
			remoteInfo = LiveRecipes;
		};
/* End PBXContainerItemProxy section */

/* Begin PBXCopyFilesBuildPhase section */
		74BF32DE2BEF92B300C946D5 /* Embed Foundation Extensions */ = {
			isa = PBXCopyFilesBuildPhase;
			buildActionMask = 2147483647;
			dstPath = "";
			dstSubfolderSpec = 13;
			files = (
				74BF32DA2BEF92B300C946D5 /* TimerActivityWidgetExtension.appex in Embed Foundation Extensions */,
			);
			name = "Embed Foundation Extensions";
			runOnlyForDeploymentPostprocessing = 0;
		};
/* End PBXCopyFilesBuildPhase section */

/* Begin PBXFileReference section */
		660E20592BC6D1FB00BB23AA /* FiltersView.swift */ = {isa = PBXFileReference; lastKnownFileType = sourcecode.swift; path = FiltersView.swift; sourceTree = "<group>"; };
		66266C6C2BD2F6D300DE08E6 /* CookToTimeView.swift */ = {isa = PBXFileReference; lastKnownFileType = sourcecode.swift; path = CookToTimeView.swift; sourceTree = "<group>"; };
		66266C6E2BD40C3900DE08E6 /* DietCellView.swift */ = {isa = PBXFileReference; lastKnownFileType = sourcecode.swift; path = DietCellView.swift; sourceTree = "<group>"; };
		66422F272BCE89C300DD5E56 /* RecipeBigCardView.swift */ = {isa = PBXFileReference; lastKnownFileType = sourcecode.swift; path = RecipeBigCardView.swift; sourceTree = "<group>"; };
		669EE86C2BBAB76A009B1AB5 /* KeyWordsView.swift */ = {isa = PBXFileReference; lastKnownFileType = sourcecode.swift; path = KeyWordsView.swift; sourceTree = "<group>"; };
		66A5FBAD2BEF5A5F00730AA4 /* CardToTimeView.swift */ = {isa = PBXFileReference; lastKnownFileType = sourcecode.swift; path = CardToTimeView.swift; sourceTree = "<group>"; };
		66B585EC2BB86C6000FEF708 /* RecentRecipesView.swift */ = {isa = PBXFileReference; lastKnownFileType = sourcecode.swift; path = RecentRecipesView.swift; sourceTree = SOURCE_ROOT; };
		66B585EE2BB87C9500FEF708 /* AllRecipesView.swift */ = {isa = PBXFileReference; lastKnownFileType = sourcecode.swift; path = AllRecipesView.swift; sourceTree = SOURCE_ROOT; };
		66B585F02BB87E4200FEF708 /* MyRecipesView.swift */ = {isa = PBXFileReference; lastKnownFileType = sourcecode.swift; path = MyRecipesView.swift; sourceTree = SOURCE_ROOT; };
		745DA4D02BB862B300BE4C5D /* OneDishView.swift */ = {isa = PBXFileReference; lastKnownFileType = sourcecode.swift; path = OneDishView.swift; sourceTree = "<group>"; };
		745DA4D22BB862BF00BE4C5D /* OneDishModel.swift */ = {isa = PBXFileReference; lastKnownFileType = sourcecode.swift; path = OneDishModel.swift; sourceTree = "<group>"; };
		745DA4D42BB862C800BE4C5D /* OneDishViewModel.swift */ = {isa = PBXFileReference; lastKnownFileType = sourcecode.swift; path = OneDishViewModel.swift; sourceTree = "<group>"; };
		745DA4D62BB862D500BE4C5D /* OneDishAssembly.swift */ = {isa = PBXFileReference; lastKnownFileType = sourcecode.swift; path = OneDishAssembly.swift; sourceTree = "<group>"; };
		745DA4D82BB862EC00BE4C5D /* OneDishProtocols.swift */ = {isa = PBXFileReference; lastKnownFileType = sourcecode.swift; path = OneDishProtocols.swift; sourceTree = "<group>"; };
		745DA4DA2BC889DD00BE4C5D /* OneStepView.swift */ = {isa = PBXFileReference; lastKnownFileType = sourcecode.swift; path = OneStepView.swift; sourceTree = "<group>"; };
		748A53C22BF38FFF008063EE /* OneStepViewModel.swift */ = {isa = PBXFileReference; lastKnownFileType = sourcecode.swift; path = OneStepViewModel.swift; sourceTree = "<group>"; };
		748A53C42BF390BD008063EE /* TabSelectionManagerAssembly.swift */ = {isa = PBXFileReference; lastKnownFileType = sourcecode.swift; path = TabSelectionManagerAssembly.swift; sourceTree = "<group>"; };
		74BF32C72BEF92B100C946D5 /* TimerActivityWidgetExtension.appex */ = {isa = PBXFileReference; explicitFileType = "wrapper.app-extension"; includeInIndex = 0; path = TimerActivityWidgetExtension.appex; sourceTree = BUILT_PRODUCTS_DIR; };
		74BF32C82BEF92B100C946D5 /* WidgetKit.framework */ = {isa = PBXFileReference; lastKnownFileType = wrapper.framework; name = WidgetKit.framework; path = System/Library/Frameworks/WidgetKit.framework; sourceTree = SDKROOT; };
		74BF32CA2BEF92B100C946D5 /* SwiftUI.framework */ = {isa = PBXFileReference; lastKnownFileType = wrapper.framework; name = SwiftUI.framework; path = System/Library/Frameworks/SwiftUI.framework; sourceTree = SDKROOT; };
		74BF32CD2BEF92B100C946D5 /* TimerActivityWidgetBundle.swift */ = {isa = PBXFileReference; lastKnownFileType = sourcecode.swift; path = TimerActivityWidgetBundle.swift; sourceTree = "<group>"; };
		74BF32CF2BEF92B100C946D5 /* TimerActivityWidgetLiveActivity.swift */ = {isa = PBXFileReference; lastKnownFileType = sourcecode.swift; path = TimerActivityWidgetLiveActivity.swift; sourceTree = "<group>"; };
		74BF32D12BEF92B100C946D5 /* TimerActivityWidget.swift */ = {isa = PBXFileReference; lastKnownFileType = sourcecode.swift; path = TimerActivityWidget.swift; sourceTree = "<group>"; };
		74BF32D32BEF92B100C946D5 /* AppIntent.swift */ = {isa = PBXFileReference; lastKnownFileType = sourcecode.swift; path = AppIntent.swift; sourceTree = "<group>"; };
		74BF32D52BEF92B300C946D5 /* Assets.xcassets */ = {isa = PBXFileReference; lastKnownFileType = folder.assetcatalog; path = Assets.xcassets; sourceTree = "<group>"; };
		74BF32D72BEF92B300C946D5 /* Info.plist */ = {isa = PBXFileReference; lastKnownFileType = text.plist.xml; path = Info.plist; sourceTree = "<group>"; };
		74BF32DF2BEF933C00C946D5 /* LiveActivityAttributes.swift */ = {isa = PBXFileReference; lastKnownFileType = sourcecode.swift; path = LiveActivityAttributes.swift; sourceTree = "<group>"; };
		74BF32E22BEFD61000C946D5 /* Info.plist */ = {isa = PBXFileReference; lastKnownFileType = text.plist; path = Info.plist; sourceTree = "<group>"; };
		74BF32E82BF1687A00C946D5 /* CustomTimerViewStyle.swift */ = {isa = PBXFileReference; lastKnownFileType = sourcecode.swift; path = CustomTimerViewStyle.swift; sourceTree = "<group>"; };
		74D1B8532BD7BED300F317A9 /* PrepareForCookingView.swift */ = {isa = PBXFileReference; lastKnownFileType = sourcecode.swift; path = PrepareForCookingView.swift; sourceTree = "<group>"; };
		74D1B8572BD8688600F317A9 /* TransperentBlur.swift */ = {isa = PBXFileReference; fileEncoding = 4; lastKnownFileType = sourcecode.swift; path = TransperentBlur.swift; sourceTree = "<group>"; };
		74D1B85A2BD9443400F317A9 /* StartCookingButton.swift */ = {isa = PBXFileReference; lastKnownFileType = sourcecode.swift; path = StartCookingButton.swift; sourceTree = "<group>"; };
		74D1B85C2BD9446400F317A9 /* DurationTextWithBlur.swift */ = {isa = PBXFileReference; lastKnownFileType = sourcecode.swift; path = DurationTextWithBlur.swift; sourceTree = "<group>"; };
		74D1B85E2BD9447F00F317A9 /* IngredientRunningTextView.swift */ = {isa = PBXFileReference; lastKnownFileType = sourcecode.swift; path = IngredientRunningTextView.swift; sourceTree = "<group>"; };
		74D1B8602BD944BA00F317A9 /* BlinkingText + TimerView.swift */ = {isa = PBXFileReference; lastKnownFileType = sourcecode.swift; path = "BlinkingText + TimerView.swift"; sourceTree = "<group>"; };
		74D1B8622BD9453700F317A9 /* NoStepsView.swift */ = {isa = PBXFileReference; lastKnownFileType = sourcecode.swift; path = NoStepsView.swift; sourceTree = "<group>"; };
		C0EA6C242BB85A9100995C49 /* LiveRecipes.app */ = {isa = PBXFileReference; explicitFileType = wrapper.application; includeInIndex = 0; path = LiveRecipes.app; sourceTree = BUILT_PRODUCTS_DIR; };
		C0EA6C392BB85A9200995C49 /* LiveRecipesTests.xctest */ = {isa = PBXFileReference; explicitFileType = wrapper.cfbundle; includeInIndex = 0; path = LiveRecipesTests.xctest; sourceTree = BUILT_PRODUCTS_DIR; };
		C0EA6C3D2BB85A9200995C49 /* LiveRecipesTests.swift */ = {isa = PBXFileReference; lastKnownFileType = sourcecode.swift; path = LiveRecipesTests.swift; sourceTree = "<group>"; };
		C0EA6C432BB85A9200995C49 /* LiveRecipesUITests.xctest */ = {isa = PBXFileReference; explicitFileType = wrapper.cfbundle; includeInIndex = 0; path = LiveRecipesUITests.xctest; sourceTree = BUILT_PRODUCTS_DIR; };
		C0EA6C472BB85A9200995C49 /* LiveRecipesUITests.swift */ = {isa = PBXFileReference; lastKnownFileType = sourcecode.swift; path = LiveRecipesUITests.swift; sourceTree = "<group>"; };
		C0EA6C492BB85A9200995C49 /* LiveRecipesUITestsLaunchTests.swift */ = {isa = PBXFileReference; lastKnownFileType = sourcecode.swift; path = LiveRecipesUITestsLaunchTests.swift; sourceTree = "<group>"; };
		C0EA6C562BB85AEC00995C49 /* LiveRecipes-Bridging-Header.h */ = {isa = PBXFileReference; lastKnownFileType = sourcecode.c.h; path = "LiveRecipes-Bridging-Header.h"; sourceTree = "<group>"; };
		C0EA6C592BB85AEC00995C49 /* TargetType.swift */ = {isa = PBXFileReference; fileEncoding = 4; lastKnownFileType = sourcecode.swift; path = TargetType.swift; sourceTree = "<group>"; };
		C0EA6C5B2BB85AEC00995C49 /* Recipe.swift */ = {isa = PBXFileReference; fileEncoding = 4; lastKnownFileType = sourcecode.swift; path = Recipe.swift; sourceTree = "<group>"; };
		C0EA6C5C2BB85AEC00995C49 /* RecipeDTO.swift */ = {isa = PBXFileReference; fileEncoding = 4; lastKnownFileType = sourcecode.swift; path = RecipeDTO.swift; sourceTree = "<group>"; };
		C0EA6C5D2BB85AEC00995C49 /* BaseAPI.swift */ = {isa = PBXFileReference; fileEncoding = 4; lastKnownFileType = sourcecode.swift; path = BaseAPI.swift; sourceTree = "<group>"; };
		C0EA6C5E2BB85AEC00995C49 /* NetworkService.swift */ = {isa = PBXFileReference; fileEncoding = 4; lastKnownFileType = sourcecode.swift; path = NetworkService.swift; sourceTree = "<group>"; };
		C0EA6C5F2BB85AEC00995C49 /* NetworkAssembly.swift */ = {isa = PBXFileReference; fileEncoding = 4; lastKnownFileType = sourcecode.swift; path = NetworkAssembly.swift; sourceTree = "<group>"; };
		C0EA6C612BB85AEC00995C49 /* NavigationTabs.swift */ = {isa = PBXFileReference; fileEncoding = 4; lastKnownFileType = sourcecode.swift; path = NavigationTabs.swift; sourceTree = "<group>"; };
		C0EA6C632BB85AEC00995C49 /* String+Localized.swift */ = {isa = PBXFileReference; fileEncoding = 4; lastKnownFileType = sourcecode.swift; path = "String+Localized.swift"; sourceTree = "<group>"; };
		C0EA6C642BB85AEC00995C49 /* ApplicationViewBuilder.swift */ = {isa = PBXFileReference; fileEncoding = 4; lastKnownFileType = sourcecode.swift; path = ApplicationViewBuilder.swift; sourceTree = "<group>"; };
		C0EA6C662BB85AEC00995C49 /* PresenterProtocol.swift */ = {isa = PBXFileReference; fileEncoding = 4; lastKnownFileType = sourcecode.swift; path = PresenterProtocol.swift; sourceTree = "<group>"; };
		C0EA6C672BB85AEC00995C49 /* ViewStateProtocol.swift */ = {isa = PBXFileReference; fileEncoding = 4; lastKnownFileType = sourcecode.swift; path = ViewStateProtocol.swift; sourceTree = "<group>"; };
		C0EA6C682BB85AEC00995C49 /* RouterProtocol.swift */ = {isa = PBXFileReference; fileEncoding = 4; lastKnownFileType = sourcecode.swift; path = RouterProtocol.swift; sourceTree = "<group>"; };
		C0EA6C692BB85AEC00995C49 /* InteractorProtocol.swift */ = {isa = PBXFileReference; fileEncoding = 4; lastKnownFileType = sourcecode.swift; path = InteractorProtocol.swift; sourceTree = "<group>"; };
		C0EA6C6A2BB85AEC00995C49 /* Assets.xcassets */ = {isa = PBXFileReference; lastKnownFileType = folder.assetcatalog; path = Assets.xcassets; sourceTree = "<group>"; };
		C0EA6C6E2BB85AEC00995C49 /* LiveRecipesApp.swift */ = {isa = PBXFileReference; fileEncoding = 4; lastKnownFileType = sourcecode.swift; path = LiveRecipesApp.swift; sourceTree = "<group>"; };
		C0EA6C6F2BB85AEC00995C49 /* Localizable.xcstrings */ = {isa = PBXFileReference; fileEncoding = 4; lastKnownFileType = text.json.xcstrings; path = Localizable.xcstrings; sourceTree = "<group>"; };
		C0EA6C722BB85AEC00995C49 /* CookingView.swift */ = {isa = PBXFileReference; fileEncoding = 4; lastKnownFileType = sourcecode.swift; path = CookingView.swift; sourceTree = "<group>"; };
		C0EA6C732BB85AEC00995C49 /* CookingViewModel.swift */ = {isa = PBXFileReference; fileEncoding = 4; lastKnownFileType = sourcecode.swift; path = CookingViewModel.swift; sourceTree = "<group>"; };
		C0EA6C742BB85AEC00995C49 /* CookingProtocols.swift */ = {isa = PBXFileReference; fileEncoding = 4; lastKnownFileType = sourcecode.swift; path = CookingProtocols.swift; sourceTree = "<group>"; };
		C0EA6C752BB85AEC00995C49 /* CookingAssembly.swift */ = {isa = PBXFileReference; fileEncoding = 4; lastKnownFileType = sourcecode.swift; path = CookingAssembly.swift; sourceTree = "<group>"; };
		C0EA6C762BB85AEC00995C49 /* CookingModel.swift */ = {isa = PBXFileReference; fileEncoding = 4; lastKnownFileType = sourcecode.swift; path = CookingModel.swift; sourceTree = "<group>"; };
		C0EA6C782BB85AEC00995C49 /* FavoritesViewModel.swift */ = {isa = PBXFileReference; fileEncoding = 4; lastKnownFileType = sourcecode.swift; path = FavoritesViewModel.swift; sourceTree = "<group>"; };
		C0EA6C792BB85AEC00995C49 /* FavoritesView.swift */ = {isa = PBXFileReference; fileEncoding = 4; lastKnownFileType = sourcecode.swift; path = FavoritesView.swift; sourceTree = "<group>"; };
		C0EA6C7A2BB85AEC00995C49 /* FavoritesAssembly.swift */ = {isa = PBXFileReference; fileEncoding = 4; lastKnownFileType = sourcecode.swift; path = FavoritesAssembly.swift; sourceTree = "<group>"; };
		C0EA6C7B2BB85AEC00995C49 /* FavoritesProtocols.swift */ = {isa = PBXFileReference; fileEncoding = 4; lastKnownFileType = sourcecode.swift; path = FavoritesProtocols.swift; sourceTree = "<group>"; };
		C0EA6C7C2BB85AEC00995C49 /* FavoritesModel.swift */ = {isa = PBXFileReference; fileEncoding = 4; lastKnownFileType = sourcecode.swift; path = FavoritesModel.swift; sourceTree = "<group>"; };
		C0EA6C7E2BB85AEC00995C49 /* CreationAssembly.swift */ = {isa = PBXFileReference; fileEncoding = 4; lastKnownFileType = sourcecode.swift; path = CreationAssembly.swift; sourceTree = "<group>"; };
		C0EA6C7F2BB85AEC00995C49 /* CreationProtocols.swift */ = {isa = PBXFileReference; fileEncoding = 4; lastKnownFileType = sourcecode.swift; path = CreationProtocols.swift; sourceTree = "<group>"; };
		C0EA6C802BB85AEC00995C49 /* CreationViewModel.swift */ = {isa = PBXFileReference; fileEncoding = 4; lastKnownFileType = sourcecode.swift; path = CreationViewModel.swift; sourceTree = "<group>"; };
		C0EA6C812BB85AEC00995C49 /* CreationView.swift */ = {isa = PBXFileReference; fileEncoding = 4; lastKnownFileType = sourcecode.swift; path = CreationView.swift; sourceTree = "<group>"; };
		C0EA6C822BB85AEC00995C49 /* CreationModel.swift */ = {isa = PBXFileReference; fileEncoding = 4; lastKnownFileType = sourcecode.swift; path = CreationModel.swift; sourceTree = "<group>"; };
		C0EA6C842BB85AEC00995C49 /* RecipesAssembly.swift */ = {isa = PBXFileReference; fileEncoding = 4; lastKnownFileType = sourcecode.swift; path = RecipesAssembly.swift; sourceTree = "<group>"; };
		C0EA6C852BB85AEC00995C49 /* RecipesModel.swift */ = {isa = PBXFileReference; fileEncoding = 4; lastKnownFileType = sourcecode.swift; path = RecipesModel.swift; sourceTree = "<group>"; };
		C0EA6C862BB85AEC00995C49 /* RecipesViewModel.swift */ = {isa = PBXFileReference; fileEncoding = 4; lastKnownFileType = sourcecode.swift; path = RecipesViewModel.swift; sourceTree = "<group>"; };
		C0EA6C872BB85AEC00995C49 /* RecipesView.swift */ = {isa = PBXFileReference; fileEncoding = 4; lastKnownFileType = sourcecode.swift; path = RecipesView.swift; sourceTree = "<group>"; };
		C0EA6C892BB85AEC00995C49 /* RecipeCardView.swift */ = {isa = PBXFileReference; fileEncoding = 4; lastKnownFileType = sourcecode.swift; path = RecipeCardView.swift; sourceTree = "<group>"; };
		C0EA6C8A2BB85AEC00995C49 /* RecipesProtocols.swift */ = {isa = PBXFileReference; fileEncoding = 4; lastKnownFileType = sourcecode.swift; path = RecipesProtocols.swift; sourceTree = "<group>"; };
		C0EA6C8C2BB85AEC00995C49 /* ListModel.swift */ = {isa = PBXFileReference; fileEncoding = 4; lastKnownFileType = sourcecode.swift; path = ListModel.swift; sourceTree = "<group>"; };
		C0EA6C8D2BB85AEC00995C49 /* ListView.swift */ = {isa = PBXFileReference; fileEncoding = 4; lastKnownFileType = sourcecode.swift; path = ListView.swift; sourceTree = "<group>"; };
		C0EA6C8E2BB85AEC00995C49 /* ListProtocols.swift */ = {isa = PBXFileReference; fileEncoding = 4; lastKnownFileType = sourcecode.swift; path = ListProtocols.swift; sourceTree = "<group>"; };
		C0EA6C8F2BB85AEC00995C49 /* ListViewModel.swift */ = {isa = PBXFileReference; fileEncoding = 4; lastKnownFileType = sourcecode.swift; path = ListViewModel.swift; sourceTree = "<group>"; };
		C0EA6C902BB85AEC00995C49 /* ListAssembly.swift */ = {isa = PBXFileReference; fileEncoding = 4; lastKnownFileType = sourcecode.swift; path = ListAssembly.swift; sourceTree = "<group>"; };
		C0EA6C912BB85AED00995C49 /* LiveRecipesView.swift */ = {isa = PBXFileReference; fileEncoding = 4; lastKnownFileType = sourcecode.swift; path = LiveRecipesView.swift; sourceTree = "<group>"; };
		C0EA6C932BB85AED00995C49 /* Preview Assets.xcassets */ = {isa = PBXFileReference; lastKnownFileType = folder.assetcatalog; path = "Preview Assets.xcassets"; sourceTree = "<group>"; };
		D003AFF82BCBCA1A00873500 /* StepView.swift */ = {isa = PBXFileReference; lastKnownFileType = sourcecode.swift; path = StepView.swift; sourceTree = "<group>"; };
		D01FA38A2BE3AE2600890D71 /* RecipeDataManager.swift */ = {isa = PBXFileReference; lastKnownFileType = sourcecode.swift; path = RecipeDataManager.swift; sourceTree = "<group>"; };
		D02D7EE92BCD79620056DC33 /* CreationPhotoFileManager.swift */ = {isa = PBXFileReference; lastKnownFileType = sourcecode.swift; path = CreationPhotoFileManager.swift; sourceTree = "<group>"; };
		D02D7EEB2BCD79760056DC33 /* CreationPhotoFileProtocol.swift */ = {isa = PBXFileReference; lastKnownFileType = sourcecode.swift; path = CreationPhotoFileProtocol.swift; sourceTree = "<group>"; };
		D02D7EED2BCD7E5E0056DC33 /* ImagePicker.swift */ = {isa = PBXFileReference; lastKnownFileType = sourcecode.swift; path = ImagePicker.swift; sourceTree = "<group>"; };
		D02D7F0E2BCDB5FB0056DC33 /* Dish.swift */ = {isa = PBXFileReference; lastKnownFileType = sourcecode.swift; path = Dish.swift; sourceTree = "<group>"; };
		D02D7F112BCDB6200056DC33 /* DishComposition.swift */ = {isa = PBXFileReference; lastKnownFileType = sourcecode.swift; path = DishComposition.swift; sourceTree = "<group>"; };
		D02D7F132BCDB6390056DC33 /* DishStep.swift */ = {isa = PBXFileReference; lastKnownFileType = sourcecode.swift; path = DishStep.swift; sourceTree = "<group>"; };
		D0596F932BC7FC3B00A1BF50 /* LiveRecipesDB.xcdatamodel */ = {isa = PBXFileReference; lastKnownFileType = wrapper.xcdatamodel; path = LiveRecipesDB.xcdatamodel; sourceTree = "<group>"; };
		D0596F952BC7FCA200A1BF50 /* CoreDataManager.swift */ = {isa = PBXFileReference; lastKnownFileType = sourcecode.swift; path = CoreDataManager.swift; sourceTree = "<group>"; };
		D0596FA32BC862B200A1BF50 /* SettingsAssembly.swift */ = {isa = PBXFileReference; lastKnownFileType = sourcecode.swift; path = SettingsAssembly.swift; sourceTree = "<group>"; };
		D0596FA52BC862DB00A1BF50 /* SettingsProtocols.swift */ = {isa = PBXFileReference; lastKnownFileType = sourcecode.swift; path = SettingsProtocols.swift; sourceTree = "<group>"; };
		D0596FA72BC8630300A1BF50 /* SettingsViewModel.swift */ = {isa = PBXFileReference; lastKnownFileType = sourcecode.swift; path = SettingsViewModel.swift; sourceTree = "<group>"; };
		D0596FA92BC8632100A1BF50 /* SettingsView.swift */ = {isa = PBXFileReference; lastKnownFileType = sourcecode.swift; path = SettingsView.swift; sourceTree = "<group>"; };
		D0596FAB2BC8633F00A1BF50 /* SettingsModel.swift */ = {isa = PBXFileReference; lastKnownFileType = sourcecode.swift; path = SettingsModel.swift; sourceTree = "<group>"; };
		D070FB632BCF4D2D009EE042 /* CreationError.swift */ = {isa = PBXFileReference; lastKnownFileType = sourcecode.swift; path = CreationError.swift; sourceTree = "<group>"; };
		D093B7272BF28E6C00C2F6C4 /* Nutrition.swift */ = {isa = PBXFileReference; lastKnownFileType = sourcecode.swift; path = Nutrition.swift; sourceTree = "<group>"; };
		D093B7292BF2920800C2F6C4 /* CreationRecipeCompositionEntity+CoreDataClass.swift */ = {isa = PBXFileReference; lastKnownFileType = sourcecode.swift; path = "CreationRecipeCompositionEntity+CoreDataClass.swift"; sourceTree = "<group>"; };
		D093B72A2BF2920800C2F6C4 /* CreationRecipeCompositionEntity+CoreDataProperties.swift */ = {isa = PBXFileReference; lastKnownFileType = sourcecode.swift; path = "CreationRecipeCompositionEntity+CoreDataProperties.swift"; sourceTree = "<group>"; };
		D093B72B2BF2920800C2F6C4 /* CreationRecipeStepEntity+CoreDataClass.swift */ = {isa = PBXFileReference; lastKnownFileType = sourcecode.swift; path = "CreationRecipeStepEntity+CoreDataClass.swift"; sourceTree = "<group>"; };
		D093B72C2BF2920800C2F6C4 /* CreationRecipeStepEntity+CoreDataProperties.swift */ = {isa = PBXFileReference; lastKnownFileType = sourcecode.swift; path = "CreationRecipeStepEntity+CoreDataProperties.swift"; sourceTree = "<group>"; };
		D093B72D2BF2920800C2F6C4 /* CreationRecipeEntity+CoreDataClass.swift */ = {isa = PBXFileReference; lastKnownFileType = sourcecode.swift; path = "CreationRecipeEntity+CoreDataClass.swift"; sourceTree = "<group>"; };
		D093B72E2BF2920800C2F6C4 /* CreationRecipeEntity+CoreDataProperties.swift */ = {isa = PBXFileReference; lastKnownFileType = sourcecode.swift; path = "CreationRecipeEntity+CoreDataProperties.swift"; sourceTree = "<group>"; };
		D09CFB562BEAAADD00E341AD /* ListDataManager.swift */ = {isa = PBXFileReference; lastKnownFileType = sourcecode.swift; path = ListDataManager.swift; sourceTree = "<group>"; };
		D0B36AD42BCA9B1A00D8826D /* CreationViewController.swift */ = {isa = PBXFileReference; lastKnownFileType = sourcecode.swift; path = CreationViewController.swift; sourceTree = "<group>"; };
		D0FA9E092BCFF2DE0010F42B /* ListRecipeItemEntity+CoreDataClass.swift */ = {isa = PBXFileReference; lastKnownFileType = sourcecode.swift; path = "ListRecipeItemEntity+CoreDataClass.swift"; sourceTree = "<group>"; };
		D0FA9E0A2BCFF2DE0010F42B /* ListRecipeItemEntity+CoreDataProperties.swift */ = {isa = PBXFileReference; lastKnownFileType = sourcecode.swift; path = "ListRecipeItemEntity+CoreDataProperties.swift"; sourceTree = "<group>"; };
		D0FA9E0F2BCFF2DE0010F42B /* ListRecipeEntity+CoreDataClass.swift */ = {isa = PBXFileReference; lastKnownFileType = sourcecode.swift; path = "ListRecipeEntity+CoreDataClass.swift"; sourceTree = "<group>"; };
		D0FA9E102BCFF2DE0010F42B /* ListRecipeEntity+CoreDataProperties.swift */ = {isa = PBXFileReference; lastKnownFileType = sourcecode.swift; path = "ListRecipeEntity+CoreDataProperties.swift"; sourceTree = "<group>"; };
/* End PBXFileReference section */

/* Begin PBXFrameworksBuildPhase section */
		74BF32C42BEF92B100C946D5 /* Frameworks */ = {
			isa = PBXFrameworksBuildPhase;
			buildActionMask = 2147483647;
			files = (
				74BF32CB2BEF92B100C946D5 /* SwiftUI.framework in Frameworks */,
				74BF32C92BEF92B100C946D5 /* WidgetKit.framework in Frameworks */,
			);
			runOnlyForDeploymentPostprocessing = 0;
		};
		C0EA6C212BB85A9100995C49 /* Frameworks */ = {
			isa = PBXFrameworksBuildPhase;
			buildActionMask = 2147483647;
			files = (
				C0EA6CC42BB85B1500995C49 /* Alamofire in Frameworks */,
				C0EA6CC92BB85B3C00995C49 /* Swinject in Frameworks */,
			);
			runOnlyForDeploymentPostprocessing = 0;
		};
		C0EA6C362BB85A9200995C49 /* Frameworks */ = {
			isa = PBXFrameworksBuildPhase;
			buildActionMask = 2147483647;
			files = (
			);
			runOnlyForDeploymentPostprocessing = 0;
		};
		C0EA6C402BB85A9200995C49 /* Frameworks */ = {
			isa = PBXFrameworksBuildPhase;
			buildActionMask = 2147483647;
			files = (
			);
			runOnlyForDeploymentPostprocessing = 0;
		};
/* End PBXFrameworksBuildPhase section */

/* Begin PBXGroup section */
		745DA4CF2BB862A400BE4C5D /* OneDish */ = {
			isa = PBXGroup;
			children = (
				745DA4D02BB862B300BE4C5D /* OneDishView.swift */,
				745DA4D22BB862BF00BE4C5D /* OneDishModel.swift */,
				745DA4D42BB862C800BE4C5D /* OneDishViewModel.swift */,
				745DA4D62BB862D500BE4C5D /* OneDishAssembly.swift */,
				745DA4D82BB862EC00BE4C5D /* OneDishProtocols.swift */,
			);
			path = OneDish;
			sourceTree = "<group>";
		};
		748A53C12BF38FE3008063EE /* OneStep */ = {
			isa = PBXGroup;
			children = (
				745DA4DA2BC889DD00BE4C5D /* OneStepView.swift */,
				748A53C22BF38FFF008063EE /* OneStepViewModel.swift */,
			);
			path = OneStep;
			sourceTree = "<group>";
		};
		74BF32A32BEF88A600C946D5 /* Frameworks */ = {
			isa = PBXGroup;
			children = (
				74BF32C82BEF92B100C946D5 /* WidgetKit.framework */,
				74BF32CA2BEF92B100C946D5 /* SwiftUI.framework */,
			);
			name = Frameworks;
			sourceTree = "<group>";
		};
		74BF32CC2BEF92B100C946D5 /* TimerActivityWidget */ = {
			isa = PBXGroup;
			children = (
				74BF32CD2BEF92B100C946D5 /* TimerActivityWidgetBundle.swift */,
				74BF32CF2BEF92B100C946D5 /* TimerActivityWidgetLiveActivity.swift */,
				74BF32D12BEF92B100C946D5 /* TimerActivityWidget.swift */,
				74BF32D32BEF92B100C946D5 /* AppIntent.swift */,
				74BF32D52BEF92B300C946D5 /* Assets.xcassets */,
				74BF32D72BEF92B300C946D5 /* Info.plist */,
			);
			path = TimerActivityWidget;
			sourceTree = "<group>";
		};
		74BF32E62BF163F800C946D5 /* Components */ = {
			isa = PBXGroup;
			children = (
				748A53C12BF38FE3008063EE /* OneStep */,
				74D1B8532BD7BED300F317A9 /* PrepareForCookingView.swift */,
				74D1B8622BD9453700F317A9 /* NoStepsView.swift */,
				74BF32DF2BEF933C00C946D5 /* LiveActivityAttributes.swift */,
				74BF32E82BF1687A00C946D5 /* CustomTimerViewStyle.swift */,
			);
			path = Components;
			sourceTree = "<group>";
		};
		74D1B8592BD943B100F317A9 /* AnimatedElements */ = {
			isa = PBXGroup;
			children = (
				74D1B8572BD8688600F317A9 /* TransperentBlur.swift */,
				74D1B85A2BD9443400F317A9 /* StartCookingButton.swift */,
				74D1B85C2BD9446400F317A9 /* DurationTextWithBlur.swift */,
				74D1B85E2BD9447F00F317A9 /* IngredientRunningTextView.swift */,
				74D1B8602BD944BA00F317A9 /* BlinkingText + TimerView.swift */,
			);
			path = AnimatedElements;
			sourceTree = "<group>";
		};
		C0EA6C1B2BB85A9100995C49 = {
			isa = PBXGroup;
			children = (
				C0EA6C262BB85A9100995C49 /* LiveRecipes */,
				C0EA6C3C2BB85A9200995C49 /* LiveRecipesTests */,
				C0EA6C462BB85A9200995C49 /* LiveRecipesUITests */,
				74BF32CC2BEF92B100C946D5 /* TimerActivityWidget */,
				C0EA6C252BB85A9100995C49 /* Products */,
				74BF32A32BEF88A600C946D5 /* Frameworks */,
			);
			sourceTree = "<group>";
		};
		C0EA6C252BB85A9100995C49 /* Products */ = {
			isa = PBXGroup;
			children = (
				C0EA6C242BB85A9100995C49 /* LiveRecipes.app */,
				C0EA6C392BB85A9200995C49 /* LiveRecipesTests.xctest */,
				C0EA6C432BB85A9200995C49 /* LiveRecipesUITests.xctest */,
				74BF32C72BEF92B100C946D5 /* TimerActivityWidgetExtension.appex */,
			);
			name = Products;
			sourceTree = "<group>";
		};
		C0EA6C262BB85A9100995C49 /* LiveRecipes */ = {
			isa = PBXGroup;
			children = (
				74BF32E22BEFD61000C946D5 /* Info.plist */,
				D02D7EE82BCD79300056DC33 /* FileManager */,
				D0596F912BC7FBB800A1BF50 /* DB */,
				C0EA6C642BB85AEC00995C49 /* ApplicationViewBuilder.swift */,
				C0EA6C6A2BB85AEC00995C49 /* Assets.xcassets */,
				C0EA6C652BB85AEC00995C49 /* Common */,
				C0EA6C6E2BB85AEC00995C49 /* LiveRecipesApp.swift */,
				C0EA6C912BB85AED00995C49 /* LiveRecipesView.swift */,
				C0EA6C6F2BB85AEC00995C49 /* Localizable.xcstrings */,
				C0EA6C702BB85AEC00995C49 /* Modules */,
				C0EA6C922BB85AED00995C49 /* Preview Content */,
				C0EA6C572BB85AEC00995C49 /* Services */,
				C0EA6C622BB85AEC00995C49 /* Utilities */,
				C0EA6C562BB85AEC00995C49 /* LiveRecipes-Bridging-Header.h */,
			);
			path = LiveRecipes;
			sourceTree = "<group>";
		};
		C0EA6C3C2BB85A9200995C49 /* LiveRecipesTests */ = {
			isa = PBXGroup;
			children = (
				C0EA6C3D2BB85A9200995C49 /* LiveRecipesTests.swift */,
			);
			path = LiveRecipesTests;
			sourceTree = "<group>";
		};
		C0EA6C462BB85A9200995C49 /* LiveRecipesUITests */ = {
			isa = PBXGroup;
			children = (
				C0EA6C472BB85A9200995C49 /* LiveRecipesUITests.swift */,
				C0EA6C492BB85A9200995C49 /* LiveRecipesUITestsLaunchTests.swift */,
			);
			path = LiveRecipesUITests;
			sourceTree = "<group>";
		};
		C0EA6C572BB85AEC00995C49 /* Services */ = {
			isa = PBXGroup;
			children = (
				C0EA6C582BB85AEC00995C49 /* NetworkService */,
				C0EA6C602BB85AEC00995C49 /* NavigationService */,
			);
			path = Services;
			sourceTree = "<group>";
		};
		C0EA6C582BB85AEC00995C49 /* NetworkService */ = {
			isa = PBXGroup;
			children = (
				C0EA6C592BB85AEC00995C49 /* TargetType.swift */,
				C0EA6C5A2BB85AEC00995C49 /* Target */,
				C0EA6C5D2BB85AEC00995C49 /* BaseAPI.swift */,
				C0EA6C5E2BB85AEC00995C49 /* NetworkService.swift */,
				C0EA6C5F2BB85AEC00995C49 /* NetworkAssembly.swift */,
			);
			path = NetworkService;
			sourceTree = "<group>";
		};
		C0EA6C5A2BB85AEC00995C49 /* Target */ = {
			isa = PBXGroup;
			children = (
				C0EA6C5B2BB85AEC00995C49 /* Recipe.swift */,
				C0EA6C5C2BB85AEC00995C49 /* RecipeDTO.swift */,
			);
			path = Target;
			sourceTree = "<group>";
		};
		C0EA6C602BB85AEC00995C49 /* NavigationService */ = {
			isa = PBXGroup;
			children = (
				C0EA6C612BB85AEC00995C49 /* NavigationTabs.swift */,
				748A53C42BF390BD008063EE /* TabSelectionManagerAssembly.swift */,
			);
			path = NavigationService;
			sourceTree = "<group>";
		};
		C0EA6C622BB85AEC00995C49 /* Utilities */ = {
			isa = PBXGroup;
			children = (
				C0EA6C632BB85AEC00995C49 /* String+Localized.swift */,
			);
			path = Utilities;
			sourceTree = "<group>";
		};
		C0EA6C652BB85AEC00995C49 /* Common */ = {
			isa = PBXGroup;
			children = (
				C0EA6C662BB85AEC00995C49 /* PresenterProtocol.swift */,
				C0EA6C672BB85AEC00995C49 /* ViewStateProtocol.swift */,
				C0EA6C682BB85AEC00995C49 /* RouterProtocol.swift */,
				C0EA6C692BB85AEC00995C49 /* InteractorProtocol.swift */,
			);
			path = Common;
			sourceTree = "<group>";
		};
		C0EA6C702BB85AEC00995C49 /* Modules */ = {
			isa = PBXGroup;
			children = (
				745DA4CF2BB862A400BE4C5D /* OneDish */,
				D0596FA22BC8627200A1BF50 /* Settings */,
				C0EA6C712BB85AEC00995C49 /* Cooking */,
				C0EA6C772BB85AEC00995C49 /* Favorites */,
				C0EA6C7D2BB85AEC00995C49 /* Creation */,
				C0EA6C832BB85AEC00995C49 /* Recipes */,
				C0EA6C8B2BB85AEC00995C49 /* List */,
			);
			path = Modules;
			sourceTree = "<group>";
		};
		C0EA6C712BB85AEC00995C49 /* Cooking */ = {
			isa = PBXGroup;
			children = (
				74BF32E62BF163F800C946D5 /* Components */,
				74D1B8592BD943B100F317A9 /* AnimatedElements */,
				C0EA6C722BB85AEC00995C49 /* CookingView.swift */,
				C0EA6C732BB85AEC00995C49 /* CookingViewModel.swift */,
				C0EA6C742BB85AEC00995C49 /* CookingProtocols.swift */,
				C0EA6C752BB85AEC00995C49 /* CookingAssembly.swift */,
				C0EA6C762BB85AEC00995C49 /* CookingModel.swift */,
			);
			path = Cooking;
			sourceTree = "<group>";
		};
		C0EA6C772BB85AEC00995C49 /* Favorites */ = {
			isa = PBXGroup;
			children = (
				C0EA6C782BB85AEC00995C49 /* FavoritesViewModel.swift */,
				C0EA6C792BB85AEC00995C49 /* FavoritesView.swift */,
				C0EA6C7A2BB85AEC00995C49 /* FavoritesAssembly.swift */,
				C0EA6C7B2BB85AEC00995C49 /* FavoritesProtocols.swift */,
				C0EA6C7C2BB85AEC00995C49 /* FavoritesModel.swift */,
			);
			path = Favorites;
			sourceTree = "<group>";
		};
		C0EA6C7D2BB85AEC00995C49 /* Creation */ = {
			isa = PBXGroup;
			children = (
				D02D7F0E2BCDB5FB0056DC33 /* Dish.swift */,
				D02D7F112BCDB6200056DC33 /* DishComposition.swift */,
				D02D7F132BCDB6390056DC33 /* DishStep.swift */,
				D093B7272BF28E6C00C2F6C4 /* Nutrition.swift */,
				C0EA6C7E2BB85AEC00995C49 /* CreationAssembly.swift */,
				C0EA6C7F2BB85AEC00995C49 /* CreationProtocols.swift */,
				C0EA6C802BB85AEC00995C49 /* CreationViewModel.swift */,
				C0EA6C812BB85AEC00995C49 /* CreationView.swift */,
				C0EA6C822BB85AEC00995C49 /* CreationModel.swift */,
				D0B36AD42BCA9B1A00D8826D /* CreationViewController.swift */,
				D003AFF82BCBCA1A00873500 /* StepView.swift */,
				D02D7EED2BCD7E5E0056DC33 /* ImagePicker.swift */,
				D070FB632BCF4D2D009EE042 /* CreationError.swift */,
			);
			path = Creation;
			sourceTree = "<group>";
		};
		C0EA6C832BB85AEC00995C49 /* Recipes */ = {
			isa = PBXGroup;
			children = (
				C0EA6C842BB85AEC00995C49 /* RecipesAssembly.swift */,
				C0EA6C852BB85AEC00995C49 /* RecipesModel.swift */,
				C0EA6C862BB85AEC00995C49 /* RecipesViewModel.swift */,
				66B585EE2BB87C9500FEF708 /* AllRecipesView.swift */,
				66B585F02BB87E4200FEF708 /* MyRecipesView.swift */,
				669EE86C2BBAB76A009B1AB5 /* KeyWordsView.swift */,
				66B585EC2BB86C6000FEF708 /* RecentRecipesView.swift */,
				660E20592BC6D1FB00BB23AA /* FiltersView.swift */,
				66266C6C2BD2F6D300DE08E6 /* CookToTimeView.swift */,
				C0EA6C872BB85AEC00995C49 /* RecipesView.swift */,
				C0EA6C882BB85AEC00995C49 /* Components */,
				C0EA6C8A2BB85AEC00995C49 /* RecipesProtocols.swift */,
			);
			path = Recipes;
			sourceTree = "<group>";
		};
		C0EA6C882BB85AEC00995C49 /* Components */ = {
			isa = PBXGroup;
			children = (
				C0EA6C892BB85AEC00995C49 /* RecipeCardView.swift */,
				66422F272BCE89C300DD5E56 /* RecipeBigCardView.swift */,
				66266C6E2BD40C3900DE08E6 /* DietCellView.swift */,
				66A5FBAD2BEF5A5F00730AA4 /* CardToTimeView.swift */,
			);
			path = Components;
			sourceTree = "<group>";
		};
		C0EA6C8B2BB85AEC00995C49 /* List */ = {
			isa = PBXGroup;
			children = (
				C0EA6C8C2BB85AEC00995C49 /* ListModel.swift */,
				C0EA6C8D2BB85AEC00995C49 /* ListView.swift */,
				C0EA6C8E2BB85AEC00995C49 /* ListProtocols.swift */,
				C0EA6C8F2BB85AEC00995C49 /* ListViewModel.swift */,
				C0EA6C902BB85AEC00995C49 /* ListAssembly.swift */,
			);
			path = List;
			sourceTree = "<group>";
		};
		C0EA6C922BB85AED00995C49 /* Preview Content */ = {
			isa = PBXGroup;
			children = (
				C0EA6C932BB85AED00995C49 /* Preview Assets.xcassets */,
			);
			path = "Preview Content";
			sourceTree = "<group>";
		};
		D02D7EE82BCD79300056DC33 /* FileManager */ = {
			isa = PBXGroup;
			children = (
				D02D7EE92BCD79620056DC33 /* CreationPhotoFileManager.swift */,
				D02D7EEB2BCD79760056DC33 /* CreationPhotoFileProtocol.swift */,
			);
			path = FileManager;
			sourceTree = "<group>";
		};
		D0596F912BC7FBB800A1BF50 /* DB */ = {
			isa = PBXGroup;
			children = (
				D0FA9E082BCFF20A0010F42B /* Enities */,
				D0596F922BC7FC3B00A1BF50 /* LiveRecipesDB.xcdatamodeld */,
				D0596F952BC7FCA200A1BF50 /* CoreDataManager.swift */,
				D01FA38A2BE3AE2600890D71 /* RecipeDataManager.swift */,
				D09CFB562BEAAADD00E341AD /* ListDataManager.swift */,
			);
			path = DB;
			sourceTree = "<group>";
		};
		D0596FA22BC8627200A1BF50 /* Settings */ = {
			isa = PBXGroup;
			children = (
				D0596FA32BC862B200A1BF50 /* SettingsAssembly.swift */,
				D0596FA52BC862DB00A1BF50 /* SettingsProtocols.swift */,
				D0596FA72BC8630300A1BF50 /* SettingsViewModel.swift */,
				D0596FA92BC8632100A1BF50 /* SettingsView.swift */,
				D0596FAB2BC8633F00A1BF50 /* SettingsModel.swift */,
			);
			path = Settings;
			sourceTree = "<group>";
		};
		D0FA9E082BCFF20A0010F42B /* Enities */ = {
			isa = PBXGroup;
			children = (
				D093B7292BF2920800C2F6C4 /* CreationRecipeCompositionEntity+CoreDataClass.swift */,
				D093B72A2BF2920800C2F6C4 /* CreationRecipeCompositionEntity+CoreDataProperties.swift */,
				D093B72B2BF2920800C2F6C4 /* CreationRecipeStepEntity+CoreDataClass.swift */,
				D093B72C2BF2920800C2F6C4 /* CreationRecipeStepEntity+CoreDataProperties.swift */,
				D093B72D2BF2920800C2F6C4 /* CreationRecipeEntity+CoreDataClass.swift */,
				D093B72E2BF2920800C2F6C4 /* CreationRecipeEntity+CoreDataProperties.swift */,
				D0FA9E0F2BCFF2DE0010F42B /* ListRecipeEntity+CoreDataClass.swift */,
				D0FA9E102BCFF2DE0010F42B /* ListRecipeEntity+CoreDataProperties.swift */,
				D0FA9E092BCFF2DE0010F42B /* ListRecipeItemEntity+CoreDataClass.swift */,
				D0FA9E0A2BCFF2DE0010F42B /* ListRecipeItemEntity+CoreDataProperties.swift */,
			);
			path = Enities;
			sourceTree = "<group>";
		};
/* End PBXGroup section */

/* Begin PBXNativeTarget section */
		74BF32C62BEF92B100C946D5 /* TimerActivityWidgetExtension */ = {
			isa = PBXNativeTarget;
			buildConfigurationList = 74BF32DB2BEF92B300C946D5 /* Build configuration list for PBXNativeTarget "TimerActivityWidgetExtension" */;
			buildPhases = (
				74BF32C32BEF92B100C946D5 /* Sources */,
				74BF32C42BEF92B100C946D5 /* Frameworks */,
				74BF32C52BEF92B100C946D5 /* Resources */,
			);
			buildRules = (
			);
			dependencies = (
			);
			name = TimerActivityWidgetExtension;
			productName = TimerActivityWidgetExtension;
			productReference = 74BF32C72BEF92B100C946D5 /* TimerActivityWidgetExtension.appex */;
			productType = "com.apple.product-type.app-extension";
		};
		C0EA6C232BB85A9100995C49 /* LiveRecipes */ = {
			isa = PBXNativeTarget;
			buildConfigurationList = C0EA6C4D2BB85A9200995C49 /* Build configuration list for PBXNativeTarget "LiveRecipes" */;
			buildPhases = (
				C0EA6C202BB85A9100995C49 /* Sources */,
				C0EA6C212BB85A9100995C49 /* Frameworks */,
				C0EA6C222BB85A9100995C49 /* Resources */,
				74BF32DE2BEF92B300C946D5 /* Embed Foundation Extensions */,
			);
			buildRules = (
			);
			dependencies = (
				74BF32D92BEF92B300C946D5 /* PBXTargetDependency */,
			);
			name = LiveRecipes;
			packageProductDependencies = (
				C0EA6CC32BB85B1500995C49 /* Alamofire */,
				C0EA6CC82BB85B3C00995C49 /* Swinject */,
			);
			productName = LiveRecipes;
			productReference = C0EA6C242BB85A9100995C49 /* LiveRecipes.app */;
			productType = "com.apple.product-type.application";
		};
		C0EA6C382BB85A9200995C49 /* LiveRecipesTests */ = {
			isa = PBXNativeTarget;
			buildConfigurationList = C0EA6C502BB85A9200995C49 /* Build configuration list for PBXNativeTarget "LiveRecipesTests" */;
			buildPhases = (
				C0EA6C352BB85A9200995C49 /* Sources */,
				C0EA6C362BB85A9200995C49 /* Frameworks */,
				C0EA6C372BB85A9200995C49 /* Resources */,
			);
			buildRules = (
			);
			dependencies = (
				C0EA6C3B2BB85A9200995C49 /* PBXTargetDependency */,
			);
			name = LiveRecipesTests;
			productName = LiveRecipesTests;
			productReference = C0EA6C392BB85A9200995C49 /* LiveRecipesTests.xctest */;
			productType = "com.apple.product-type.bundle.unit-test";
		};
		C0EA6C422BB85A9200995C49 /* LiveRecipesUITests */ = {
			isa = PBXNativeTarget;
			buildConfigurationList = C0EA6C532BB85A9200995C49 /* Build configuration list for PBXNativeTarget "LiveRecipesUITests" */;
			buildPhases = (
				C0EA6C3F2BB85A9200995C49 /* Sources */,
				C0EA6C402BB85A9200995C49 /* Frameworks */,
				C0EA6C412BB85A9200995C49 /* Resources */,
			);
			buildRules = (
			);
			dependencies = (
				C0EA6C452BB85A9200995C49 /* PBXTargetDependency */,
			);
			name = LiveRecipesUITests;
			productName = LiveRecipesUITests;
			productReference = C0EA6C432BB85A9200995C49 /* LiveRecipesUITests.xctest */;
			productType = "com.apple.product-type.bundle.ui-testing";
		};
/* End PBXNativeTarget section */

/* Begin PBXProject section */
		C0EA6C1C2BB85A9100995C49 /* Project object */ = {
			isa = PBXProject;
			attributes = {
				BuildIndependentTargetsInParallel = 1;
				LastSwiftUpdateCheck = 1530;
				LastUpgradeCheck = 1520;
				TargetAttributes = {
					74BF32C62BEF92B100C946D5 = {
						CreatedOnToolsVersion = 15.3;
					};
					C0EA6C232BB85A9100995C49 = {
						CreatedOnToolsVersion = 15.2;
						LastSwiftMigration = 1520;
					};
					C0EA6C382BB85A9200995C49 = {
						CreatedOnToolsVersion = 15.2;
						TestTargetID = C0EA6C232BB85A9100995C49;
					};
					C0EA6C422BB85A9200995C49 = {
						CreatedOnToolsVersion = 15.2;
						TestTargetID = C0EA6C232BB85A9100995C49;
					};
				};
			};
			buildConfigurationList = C0EA6C1F2BB85A9100995C49 /* Build configuration list for PBXProject "LiveRecipes" */;
			compatibilityVersion = "Xcode 14.0";
			developmentRegion = en;
			hasScannedForEncodings = 0;
			knownRegions = (
				en,
				Base,
			);
			mainGroup = C0EA6C1B2BB85A9100995C49;
			packageReferences = (
				C0EA6CC22BB85B1500995C49 /* XCRemoteSwiftPackageReference "Alamofire" */,
				C0EA6CC72BB85B3C00995C49 /* XCRemoteSwiftPackageReference "Swinject" */,
			);
			productRefGroup = C0EA6C252BB85A9100995C49 /* Products */;
			projectDirPath = "";
			projectRoot = "";
			targets = (
				C0EA6C232BB85A9100995C49 /* LiveRecipes */,
				C0EA6C382BB85A9200995C49 /* LiveRecipesTests */,
				C0EA6C422BB85A9200995C49 /* LiveRecipesUITests */,
				74BF32C62BEF92B100C946D5 /* TimerActivityWidgetExtension */,
			);
		};
/* End PBXProject section */

/* Begin PBXResourcesBuildPhase section */
		74BF32C52BEF92B100C946D5 /* Resources */ = {
			isa = PBXResourcesBuildPhase;
			buildActionMask = 2147483647;
			files = (
				74BF32D62BEF92B300C946D5 /* Assets.xcassets in Resources */,
			);
			runOnlyForDeploymentPostprocessing = 0;
		};
		C0EA6C222BB85A9100995C49 /* Resources */ = {
			isa = PBXResourcesBuildPhase;
			buildActionMask = 2147483647;
			files = (
				C0EA6CA52BB85AED00995C49 /* Localizable.xcstrings in Resources */,
				C0EA6CC12BB85AED00995C49 /* Preview Assets.xcassets in Resources */,
				C0EA6CA12BB85AED00995C49 /* Assets.xcassets in Resources */,
			);
			runOnlyForDeploymentPostprocessing = 0;
		};
		C0EA6C372BB85A9200995C49 /* Resources */ = {
			isa = PBXResourcesBuildPhase;
			buildActionMask = 2147483647;
			files = (
			);
			runOnlyForDeploymentPostprocessing = 0;
		};
		C0EA6C412BB85A9200995C49 /* Resources */ = {
			isa = PBXResourcesBuildPhase;
			buildActionMask = 2147483647;
			files = (
			);
			runOnlyForDeploymentPostprocessing = 0;
		};
/* End PBXResourcesBuildPhase section */

/* Begin PBXSourcesBuildPhase section */
		74BF32C32BEF92B100C946D5 /* Sources */ = {
			isa = PBXSourcesBuildPhase;
			buildActionMask = 2147483647;
			files = (
				74BF32E72BF167DA00C946D5 /* LiveActivityAttributes.swift in Sources */,
				74BF32D22BEF92B100C946D5 /* TimerActivityWidget.swift in Sources */,
				74BF32D42BEF92B100C946D5 /* AppIntent.swift in Sources */,
				74BF32EA2BF1687A00C946D5 /* CustomTimerViewStyle.swift in Sources */,
				74BF32EC2BF16B2600C946D5 /* String+Localized.swift in Sources */,
				74BF32CE2BEF92B100C946D5 /* TimerActivityWidgetBundle.swift in Sources */,
				74BF32D02BEF92B100C946D5 /* TimerActivityWidgetLiveActivity.swift in Sources */,
			);
			runOnlyForDeploymentPostprocessing = 0;
		};
		C0EA6C202BB85A9100995C49 /* Sources */ = {
			isa = PBXSourcesBuildPhase;
			buildActionMask = 2147483647;
			files = (
				669EE86D2BBAB76A009B1AB5 /* KeyWordsView.swift in Sources */,
				C0EA6CAE2BB85AED00995C49 /* FavoritesProtocols.swift in Sources */,
				C0EA6CBB2BB85AED00995C49 /* ListModel.swift in Sources */,
				74BF32E02BEF933C00C946D5 /* LiveActivityAttributes.swift in Sources */,
				74D1B85D2BD9446400F317A9 /* DurationTextWithBlur.swift in Sources */,
				C0EA6CB62BB85AED00995C49 /* RecipesModel.swift in Sources */,
				C0EA6C982BB85AED00995C49 /* NetworkService.swift in Sources */,
				66422F282BCE89C300DD5E56 /* RecipeBigCardView.swift in Sources */,
				66B585EF2BB87C9500FEF708 /* AllRecipesView.swift in Sources */,
				C0EA6C962BB85AED00995C49 /* RecipeDTO.swift in Sources */,
				C0EA6CA62BB85AED00995C49 /* CookingView.swift in Sources */,
				660E205A2BC6D1FB00BB23AA /* FiltersView.swift in Sources */,
				745DA4DB2BC889DD00BE4C5D /* OneStepView.swift in Sources */,
				C0EA6C962BB85AED00995C49 /* RecipeDTO.swift in Sources */,
				D09CFB572BEAAADE00E341AD /* ListDataManager.swift in Sources */,
				C0EA6CA62BB85AED00995C49 /* CookingView.swift in Sources */,
				745DA4D32BB862BF00BE4C5D /* OneDishModel.swift in Sources */,
				C0EA6C9C2BB85AED00995C49 /* ApplicationViewBuilder.swift in Sources */,
				74BF32E92BF1687A00C946D5 /* CustomTimerViewStyle.swift in Sources */,
				C0EA6CAD2BB85AED00995C49 /* FavoritesAssembly.swift in Sources */,
				748A53C52BF390BD008063EE /* TabSelectionManagerAssembly.swift in Sources */,
				D0596FAC2BC8633F00A1BF50 /* SettingsModel.swift in Sources */,
				C0EA6CA72BB85AED00995C49 /* CookingViewModel.swift in Sources */,
				74D1B8582BD8688600F317A9 /* TransperentBlur.swift in Sources */,
				C0EA6C9B2BB85AED00995C49 /* String+Localized.swift in Sources */,
				D02D7F122BCDB6200056DC33 /* DishComposition.swift in Sources */,
				C0EA6C9D2BB85AED00995C49 /* PresenterProtocol.swift in Sources */,
				C0EA6CA02BB85AED00995C49 /* InteractorProtocol.swift in Sources */,
				C0EA6CB32BB85AED00995C49 /* CreationView.swift in Sources */,
				C0EA6CBC2BB85AED00995C49 /* ListView.swift in Sources */,
				C0EA6C992BB85AED00995C49 /* NetworkAssembly.swift in Sources */,
				74D1B85F2BD9447F00F317A9 /* IngredientRunningTextView.swift in Sources */,
				C0EA6C9F2BB85AED00995C49 /* RouterProtocol.swift in Sources */,
				C0EA6CBF2BB85AED00995C49 /* ListAssembly.swift in Sources */,
				745DA4D72BB862D500BE4C5D /* OneDishAssembly.swift in Sources */,
				C0EA6CAC2BB85AED00995C49 /* FavoritesView.swift in Sources */,
				C0EA6CB42BB85AED00995C49 /* CreationModel.swift in Sources */,
				D0596FA62BC862DB00A1BF50 /* SettingsProtocols.swift in Sources */,
				C0EA6CAB2BB85AED00995C49 /* FavoritesViewModel.swift in Sources */,
				C0EA6C972BB85AED00995C49 /* BaseAPI.swift in Sources */,
				C0EA6CB92BB85AED00995C49 /* RecipeCardView.swift in Sources */,
				745DA4D52BB862C800BE4C5D /* OneDishViewModel.swift in Sources */,
				74D1B85B2BD9443400F317A9 /* StartCookingButton.swift in Sources */,
				D0596F962BC7FCA200A1BF50 /* CoreDataManager.swift in Sources */,
				C0EA6CBD2BB85AED00995C49 /* ListProtocols.swift in Sources */,
				C0EA6CA42BB85AED00995C49 /* LiveRecipesApp.swift in Sources */,
				C0EA6CB02BB85AED00995C49 /* CreationAssembly.swift in Sources */,
				66B585ED2BB86C6000FEF708 /* RecentRecipesView.swift in Sources */,
				66266C6F2BD40C3900DE08E6 /* DietCellView.swift in Sources */,
				745DA4D92BB862EC00BE4C5D /* OneDishProtocols.swift in Sources */,
				74D1B8542BD7BED300F317A9 /* PrepareForCookingView.swift in Sources */,
				745DA4D12BB862B300BE4C5D /* OneDishView.swift in Sources */,
				C0EA6C9E2BB85AED00995C49 /* ViewStateProtocol.swift in Sources */,
				D02D7EEC2BCD79760056DC33 /* CreationPhotoFileProtocol.swift in Sources */,
				66A5FBAE2BEF5A5F00730AA4 /* CardToTimeView.swift in Sources */,
				C0EA6CBA2BB85AED00995C49 /* RecipesProtocols.swift in Sources */,
				C0EA6CB12BB85AED00995C49 /* CreationProtocols.swift in Sources */,
				D0FA9E132BCFF2DE0010F42B /* ListRecipeItemEntity+CoreDataClass.swift in Sources */,
				D0FA9E142BCFF2DE0010F42B /* ListRecipeItemEntity+CoreDataProperties.swift in Sources */,
				D0FA9E192BCFF2DE0010F42B /* ListRecipeEntity+CoreDataClass.swift in Sources */,
				D0FA9E1A2BCFF2DE0010F42B /* ListRecipeEntity+CoreDataProperties.swift in Sources */,
				D070FB642BCF4D2D009EE042 /* CreationError.swift in Sources */,
				74D1B8632BD9453700F317A9 /* NoStepsView.swift in Sources */,
				C0EA6CA82BB85AED00995C49 /* CookingProtocols.swift in Sources */,
				D0596FA82BC8630300A1BF50 /* SettingsViewModel.swift in Sources */,
				D0596FA42BC862B200A1BF50 /* SettingsAssembly.swift in Sources */,
				D02D7F0F2BCDB5FB0056DC33 /* Dish.swift in Sources */,
				C0EA6CC02BB85AED00995C49 /* LiveRecipesView.swift in Sources */,
				74D1B8612BD944BA00F317A9 /* BlinkingText + TimerView.swift in Sources */,
				C0EA6C942BB85AED00995C49 /* TargetType.swift in Sources */,
				D02D7EEA2BCD79630056DC33 /* CreationPhotoFileManager.swift in Sources */,
				D0596FAA2BC8632100A1BF50 /* SettingsView.swift in Sources */,
				C0EA6CB72BB85AED00995C49 /* RecipesViewModel.swift in Sources */,
				66B585F12BB87E4200FEF708 /* MyRecipesView.swift in Sources */,
				D0B36AD52BCA9B1A00D8826D /* CreationViewController.swift in Sources */,
				D02D7EEE2BCD7E5E0056DC33 /* ImagePicker.swift in Sources */,
				C0EA6CB82BB85AED00995C49 /* RecipesView.swift in Sources */,
				D01FA38B2BE3AE2600890D71 /* RecipeDataManager.swift in Sources */,
				C0EA6C9A2BB85AED00995C49 /* NavigationTabs.swift in Sources */,
				66266C6D2BD2F6D300DE08E6 /* CookToTimeView.swift in Sources */,
				C0EA6CA92BB85AED00995C49 /* CookingAssembly.swift in Sources */,
				D093B7282BF28E6C00C2F6C4 /* Nutrition.swift in Sources */,
				D0596F942BC7FC3B00A1BF50 /* LiveRecipesDB.xcdatamodeld in Sources */,
				C0EA6CB52BB85AED00995C49 /* RecipesAssembly.swift in Sources */,
				C0EA6CB22BB85AED00995C49 /* CreationViewModel.swift in Sources */,
				C0EA6CAF2BB85AED00995C49 /* FavoritesModel.swift in Sources */,
				D093B72F2BF2920800C2F6C4 /* CreationRecipeCompositionEntity+CoreDataClass.swift in Sources */,
				D093B7302BF2920800C2F6C4 /* CreationRecipeCompositionEntity+CoreDataProperties.swift in Sources */,
				D093B7312BF2920800C2F6C4 /* CreationRecipeStepEntity+CoreDataClass.swift in Sources */,
				D093B7322BF2920800C2F6C4 /* CreationRecipeStepEntity+CoreDataProperties.swift in Sources */,
				D093B7332BF2920800C2F6C4 /* CreationRecipeEntity+CoreDataClass.swift in Sources */,
				D093B7342BF2920800C2F6C4 /* CreationRecipeEntity+CoreDataProperties.swift in Sources */,
				D02D7F142BCDB6390056DC33 /* DishStep.swift in Sources */,
				748A53C32BF38FFF008063EE /* OneStepViewModel.swift in Sources */,
				D003AFF92BCBCA1A00873500 /* StepView.swift in Sources */,
				C0EA6CAA2BB85AED00995C49 /* CookingModel.swift in Sources */,
				C0EA6C952BB85AED00995C49 /* Recipe.swift in Sources */,
				C0EA6CBE2BB85AED00995C49 /* ListViewModel.swift in Sources */,
			);
			runOnlyForDeploymentPostprocessing = 0;
		};
		C0EA6C352BB85A9200995C49 /* Sources */ = {
			isa = PBXSourcesBuildPhase;
			buildActionMask = 2147483647;
			files = (
				C0EA6C3E2BB85A9200995C49 /* LiveRecipesTests.swift in Sources */,
			);
			runOnlyForDeploymentPostprocessing = 0;
		};
		C0EA6C3F2BB85A9200995C49 /* Sources */ = {
			isa = PBXSourcesBuildPhase;
			buildActionMask = 2147483647;
			files = (
				C0EA6C4A2BB85A9200995C49 /* LiveRecipesUITestsLaunchTests.swift in Sources */,
				C0EA6C482BB85A9200995C49 /* LiveRecipesUITests.swift in Sources */,
			);
			runOnlyForDeploymentPostprocessing = 0;
		};
/* End PBXSourcesBuildPhase section */

/* Begin PBXTargetDependency section */
		74BF32D92BEF92B300C946D5 /* PBXTargetDependency */ = {
			isa = PBXTargetDependency;
			target = 74BF32C62BEF92B100C946D5 /* TimerActivityWidgetExtension */;
			targetProxy = 74BF32D82BEF92B300C946D5 /* PBXContainerItemProxy */;
		};
		C0EA6C3B2BB85A9200995C49 /* PBXTargetDependency */ = {
			isa = PBXTargetDependency;
			target = C0EA6C232BB85A9100995C49 /* LiveRecipes */;
			targetProxy = C0EA6C3A2BB85A9200995C49 /* PBXContainerItemProxy */;
		};
		C0EA6C452BB85A9200995C49 /* PBXTargetDependency */ = {
			isa = PBXTargetDependency;
			target = C0EA6C232BB85A9100995C49 /* LiveRecipes */;
			targetProxy = C0EA6C442BB85A9200995C49 /* PBXContainerItemProxy */;
		};
/* End PBXTargetDependency section */

/* Begin XCBuildConfiguration section */
		74BF32DC2BEF92B300C946D5 /* Debug */ = {
			isa = XCBuildConfiguration;
			buildSettings = {
				ASSETCATALOG_COMPILER_GLOBAL_ACCENT_COLOR_NAME = AccentColor;
				ASSETCATALOG_COMPILER_WIDGET_BACKGROUND_COLOR_NAME = WidgetBackground;
				CODE_SIGN_STYLE = Automatic;
				CURRENT_PROJECT_VERSION = 1;
				DEVELOPMENT_TEAM = "";
				GENERATE_INFOPLIST_FILE = YES;
				INFOPLIST_FILE = TimerActivityWidget/Info.plist;
				INFOPLIST_KEY_CFBundleDisplayName = TimerActivityWidget;
				INFOPLIST_KEY_NSHumanReadableCopyright = "";
				IPHONEOS_DEPLOYMENT_TARGET = 17.2;
				LD_RUNPATH_SEARCH_PATHS = (
					"$(inherited)",
					"@executable_path/Frameworks",
					"@executable_path/../../Frameworks",
				);
				MARKETING_VERSION = 1.0;
				PRODUCT_BUNDLE_IDENTIFIER = ru.LiveRecipes.TimerActivityWidget;
				PRODUCT_NAME = "$(TARGET_NAME)";
				SKIP_INSTALL = YES;
				SWIFT_EMIT_LOC_STRINGS = YES;
				SWIFT_VERSION = 5.0;
				TARGETED_DEVICE_FAMILY = "1,2";
			};
			name = Debug;
		};
		74BF32DD2BEF92B300C946D5 /* Release */ = {
			isa = XCBuildConfiguration;
			buildSettings = {
				ASSETCATALOG_COMPILER_GLOBAL_ACCENT_COLOR_NAME = AccentColor;
				ASSETCATALOG_COMPILER_WIDGET_BACKGROUND_COLOR_NAME = WidgetBackground;
				CODE_SIGN_STYLE = Automatic;
				CURRENT_PROJECT_VERSION = 1;
				DEVELOPMENT_TEAM = "";
				GENERATE_INFOPLIST_FILE = YES;
				INFOPLIST_FILE = TimerActivityWidget/Info.plist;
				INFOPLIST_KEY_CFBundleDisplayName = TimerActivityWidget;
				INFOPLIST_KEY_NSHumanReadableCopyright = "";
				IPHONEOS_DEPLOYMENT_TARGET = 17.2;
				LD_RUNPATH_SEARCH_PATHS = (
					"$(inherited)",
					"@executable_path/Frameworks",
					"@executable_path/../../Frameworks",
				);
				MARKETING_VERSION = 1.0;
				PRODUCT_BUNDLE_IDENTIFIER = ru.LiveRecipes.TimerActivityWidget;
				PRODUCT_NAME = "$(TARGET_NAME)";
				SKIP_INSTALL = YES;
				SWIFT_EMIT_LOC_STRINGS = YES;
				SWIFT_VERSION = 5.0;
				TARGETED_DEVICE_FAMILY = "1,2";
			};
			name = Release;
		};
		C0EA6C4B2BB85A9200995C49 /* Debug */ = {
			isa = XCBuildConfiguration;
			buildSettings = {
				ALWAYS_SEARCH_USER_PATHS = NO;
				ASSETCATALOG_COMPILER_GENERATE_SWIFT_ASSET_SYMBOL_EXTENSIONS = YES;
				CLANG_ANALYZER_NONNULL = YES;
				CLANG_ANALYZER_NUMBER_OBJECT_CONVERSION = YES_AGGRESSIVE;
				CLANG_CXX_LANGUAGE_STANDARD = "gnu++20";
				CLANG_ENABLE_MODULES = YES;
				CLANG_ENABLE_OBJC_ARC = YES;
				CLANG_ENABLE_OBJC_WEAK = YES;
				CLANG_WARN_BLOCK_CAPTURE_AUTORELEASING = YES;
				CLANG_WARN_BOOL_CONVERSION = YES;
				CLANG_WARN_COMMA = YES;
				CLANG_WARN_CONSTANT_CONVERSION = YES;
				CLANG_WARN_DEPRECATED_OBJC_IMPLEMENTATIONS = YES;
				CLANG_WARN_DIRECT_OBJC_ISA_USAGE = YES_ERROR;
				CLANG_WARN_DOCUMENTATION_COMMENTS = YES;
				CLANG_WARN_EMPTY_BODY = YES;
				CLANG_WARN_ENUM_CONVERSION = YES;
				CLANG_WARN_INFINITE_RECURSION = YES;
				CLANG_WARN_INT_CONVERSION = YES;
				CLANG_WARN_NON_LITERAL_NULL_CONVERSION = YES;
				CLANG_WARN_OBJC_IMPLICIT_RETAIN_SELF = YES;
				CLANG_WARN_OBJC_LITERAL_CONVERSION = YES;
				CLANG_WARN_OBJC_ROOT_CLASS = YES_ERROR;
				CLANG_WARN_QUOTED_INCLUDE_IN_FRAMEWORK_HEADER = YES;
				CLANG_WARN_RANGE_LOOP_ANALYSIS = YES;
				CLANG_WARN_STRICT_PROTOTYPES = YES;
				CLANG_WARN_SUSPICIOUS_MOVE = YES;
				CLANG_WARN_UNGUARDED_AVAILABILITY = YES_AGGRESSIVE;
				CLANG_WARN_UNREACHABLE_CODE = YES;
				CLANG_WARN__DUPLICATE_METHOD_MATCH = YES;
				COPY_PHASE_STRIP = NO;
				DEBUG_INFORMATION_FORMAT = dwarf;
				ENABLE_STRICT_OBJC_MSGSEND = YES;
				ENABLE_TESTABILITY = YES;
				ENABLE_USER_SCRIPT_SANDBOXING = YES;
				GCC_C_LANGUAGE_STANDARD = gnu17;
				GCC_DYNAMIC_NO_PIC = NO;
				GCC_NO_COMMON_BLOCKS = YES;
				GCC_OPTIMIZATION_LEVEL = 0;
				GCC_PREPROCESSOR_DEFINITIONS = (
					"DEBUG=1",
					"$(inherited)",
				);
				GCC_WARN_64_TO_32_BIT_CONVERSION = YES;
				GCC_WARN_ABOUT_RETURN_TYPE = YES_ERROR;
				GCC_WARN_UNDECLARED_SELECTOR = YES;
				GCC_WARN_UNINITIALIZED_AUTOS = YES_AGGRESSIVE;
				GCC_WARN_UNUSED_FUNCTION = YES;
				GCC_WARN_UNUSED_VARIABLE = YES;
				IPHONEOS_DEPLOYMENT_TARGET = 17.2;
				LOCALIZATION_PREFERS_STRING_CATALOGS = YES;
				MTL_ENABLE_DEBUG_INFO = INCLUDE_SOURCE;
				MTL_FAST_MATH = YES;
				ONLY_ACTIVE_ARCH = YES;
				SDKROOT = iphoneos;
				SWIFT_ACTIVE_COMPILATION_CONDITIONS = "DEBUG $(inherited)";
				SWIFT_OPTIMIZATION_LEVEL = "-Onone";
			};
			name = Debug;
		};
		C0EA6C4C2BB85A9200995C49 /* Release */ = {
			isa = XCBuildConfiguration;
			buildSettings = {
				ALWAYS_SEARCH_USER_PATHS = NO;
				ASSETCATALOG_COMPILER_GENERATE_SWIFT_ASSET_SYMBOL_EXTENSIONS = YES;
				CLANG_ANALYZER_NONNULL = YES;
				CLANG_ANALYZER_NUMBER_OBJECT_CONVERSION = YES_AGGRESSIVE;
				CLANG_CXX_LANGUAGE_STANDARD = "gnu++20";
				CLANG_ENABLE_MODULES = YES;
				CLANG_ENABLE_OBJC_ARC = YES;
				CLANG_ENABLE_OBJC_WEAK = YES;
				CLANG_WARN_BLOCK_CAPTURE_AUTORELEASING = YES;
				CLANG_WARN_BOOL_CONVERSION = YES;
				CLANG_WARN_COMMA = YES;
				CLANG_WARN_CONSTANT_CONVERSION = YES;
				CLANG_WARN_DEPRECATED_OBJC_IMPLEMENTATIONS = YES;
				CLANG_WARN_DIRECT_OBJC_ISA_USAGE = YES_ERROR;
				CLANG_WARN_DOCUMENTATION_COMMENTS = YES;
				CLANG_WARN_EMPTY_BODY = YES;
				CLANG_WARN_ENUM_CONVERSION = YES;
				CLANG_WARN_INFINITE_RECURSION = YES;
				CLANG_WARN_INT_CONVERSION = YES;
				CLANG_WARN_NON_LITERAL_NULL_CONVERSION = YES;
				CLANG_WARN_OBJC_IMPLICIT_RETAIN_SELF = YES;
				CLANG_WARN_OBJC_LITERAL_CONVERSION = YES;
				CLANG_WARN_OBJC_ROOT_CLASS = YES_ERROR;
				CLANG_WARN_QUOTED_INCLUDE_IN_FRAMEWORK_HEADER = YES;
				CLANG_WARN_RANGE_LOOP_ANALYSIS = YES;
				CLANG_WARN_STRICT_PROTOTYPES = YES;
				CLANG_WARN_SUSPICIOUS_MOVE = YES;
				CLANG_WARN_UNGUARDED_AVAILABILITY = YES_AGGRESSIVE;
				CLANG_WARN_UNREACHABLE_CODE = YES;
				CLANG_WARN__DUPLICATE_METHOD_MATCH = YES;
				COPY_PHASE_STRIP = NO;
				DEBUG_INFORMATION_FORMAT = "dwarf-with-dsym";
				ENABLE_NS_ASSERTIONS = NO;
				ENABLE_STRICT_OBJC_MSGSEND = YES;
				ENABLE_USER_SCRIPT_SANDBOXING = YES;
				GCC_C_LANGUAGE_STANDARD = gnu17;
				GCC_NO_COMMON_BLOCKS = YES;
				GCC_WARN_64_TO_32_BIT_CONVERSION = YES;
				GCC_WARN_ABOUT_RETURN_TYPE = YES_ERROR;
				GCC_WARN_UNDECLARED_SELECTOR = YES;
				GCC_WARN_UNINITIALIZED_AUTOS = YES_AGGRESSIVE;
				GCC_WARN_UNUSED_FUNCTION = YES;
				GCC_WARN_UNUSED_VARIABLE = YES;
				IPHONEOS_DEPLOYMENT_TARGET = 17.2;
				LOCALIZATION_PREFERS_STRING_CATALOGS = YES;
				MTL_ENABLE_DEBUG_INFO = NO;
				MTL_FAST_MATH = YES;
				SDKROOT = iphoneos;
				SWIFT_COMPILATION_MODE = wholemodule;
				VALIDATE_PRODUCT = YES;
			};
			name = Release;
		};
		C0EA6C4E2BB85A9200995C49 /* Debug */ = {
			isa = XCBuildConfiguration;
			buildSettings = {
				ALWAYS_EMBED_SWIFT_STANDARD_LIBRARIES = YES;
				ASSETCATALOG_COMPILER_APPICON_NAME = AppIcon;
				ASSETCATALOG_COMPILER_GLOBAL_ACCENT_COLOR_NAME = AccentColor;
				CLANG_ENABLE_MODULES = YES;
				CODE_SIGN_STYLE = Automatic;
				CURRENT_PROJECT_VERSION = 1;
				DEVELOPMENT_ASSET_PATHS = "\"LiveRecipes/Preview Content\"";
				DEVELOPMENT_TEAM = "";
				ENABLE_PREVIEWS = YES;
				GENERATE_INFOPLIST_FILE = YES;
				INFOPLIST_FILE = LiveRecipes/Info.plist;
				INFOPLIST_KEY_NSSupportsLiveActivities = YES;
				INFOPLIST_KEY_UIApplicationSceneManifest_Generation = YES;
				INFOPLIST_KEY_UIApplicationSupportsIndirectInputEvents = YES;
				INFOPLIST_KEY_UILaunchScreen_Generation = YES;
				INFOPLIST_KEY_UISupportedInterfaceOrientations_iPad = "UIInterfaceOrientationPortrait UIInterfaceOrientationPortraitUpsideDown UIInterfaceOrientationLandscapeLeft UIInterfaceOrientationLandscapeRight";
				INFOPLIST_KEY_UISupportedInterfaceOrientations_iPhone = "UIInterfaceOrientationPortrait UIInterfaceOrientationLandscapeLeft UIInterfaceOrientationLandscapeRight";
				IPHONEOS_DEPLOYMENT_TARGET = 17.2;
				LD_RUNPATH_SEARCH_PATHS = (
					"$(inherited)",
					"@executable_path/Frameworks",
				);
				MARKETING_VERSION = 1.0;
				PRODUCT_BUNDLE_IDENTIFIER = ru.LiveRecipes;
				PRODUCT_NAME = "$(TARGET_NAME)";
				SWIFT_EMIT_LOC_STRINGS = YES;
				SWIFT_OBJC_BRIDGING_HEADER = "LiveRecipes/LiveRecipes-Bridging-Header.h";
				SWIFT_OPTIMIZATION_LEVEL = "-Onone";
				SWIFT_VERSION = 5.0;
				TARGETED_DEVICE_FAMILY = "1,2";
			};
			name = Debug;
		};
		C0EA6C4F2BB85A9200995C49 /* Release */ = {
			isa = XCBuildConfiguration;
			buildSettings = {
				ALWAYS_EMBED_SWIFT_STANDARD_LIBRARIES = YES;
				ASSETCATALOG_COMPILER_APPICON_NAME = AppIcon;
				ASSETCATALOG_COMPILER_GLOBAL_ACCENT_COLOR_NAME = AccentColor;
				CLANG_ENABLE_MODULES = YES;
				CODE_SIGN_STYLE = Automatic;
				CURRENT_PROJECT_VERSION = 1;
				DEVELOPMENT_ASSET_PATHS = "\"LiveRecipes/Preview Content\"";
				DEVELOPMENT_TEAM = "";
				ENABLE_PREVIEWS = YES;
				GENERATE_INFOPLIST_FILE = YES;
				INFOPLIST_FILE = LiveRecipes/Info.plist;
				INFOPLIST_KEY_NSSupportsLiveActivities = YES;
				INFOPLIST_KEY_UIApplicationSceneManifest_Generation = YES;
				INFOPLIST_KEY_UIApplicationSupportsIndirectInputEvents = YES;
				INFOPLIST_KEY_UILaunchScreen_Generation = YES;
				INFOPLIST_KEY_UISupportedInterfaceOrientations_iPad = "UIInterfaceOrientationPortrait UIInterfaceOrientationPortraitUpsideDown UIInterfaceOrientationLandscapeLeft UIInterfaceOrientationLandscapeRight";
				INFOPLIST_KEY_UISupportedInterfaceOrientations_iPhone = "UIInterfaceOrientationPortrait UIInterfaceOrientationLandscapeLeft UIInterfaceOrientationLandscapeRight";
				IPHONEOS_DEPLOYMENT_TARGET = 17.2;
				LD_RUNPATH_SEARCH_PATHS = (
					"$(inherited)",
					"@executable_path/Frameworks",
				);
				MARKETING_VERSION = 1.0;
				PRODUCT_BUNDLE_IDENTIFIER = ru.LiveRecipes;
				PRODUCT_NAME = "$(TARGET_NAME)";
				SWIFT_EMIT_LOC_STRINGS = YES;
				SWIFT_OBJC_BRIDGING_HEADER = "LiveRecipes/LiveRecipes-Bridging-Header.h";
				SWIFT_VERSION = 5.0;
				TARGETED_DEVICE_FAMILY = "1,2";
			};
			name = Release;
		};
		C0EA6C512BB85A9200995C49 /* Debug */ = {
			isa = XCBuildConfiguration;
			buildSettings = {
				ALWAYS_EMBED_SWIFT_STANDARD_LIBRARIES = YES;
				BUNDLE_LOADER = "$(TEST_HOST)";
				CODE_SIGN_STYLE = Automatic;
				CURRENT_PROJECT_VERSION = 1;
				DEVELOPMENT_TEAM = KD82SC4QSX;
				GENERATE_INFOPLIST_FILE = YES;
				IPHONEOS_DEPLOYMENT_TARGET = 17.2;
				MARKETING_VERSION = 1.0;
				PRODUCT_BUNDLE_IDENTIFIER = ru.LiveRecipesTests;
				PRODUCT_NAME = "$(TARGET_NAME)";
				SWIFT_EMIT_LOC_STRINGS = NO;
				SWIFT_VERSION = 5.0;
				TARGETED_DEVICE_FAMILY = "1,2";
				TEST_HOST = "$(BUILT_PRODUCTS_DIR)/LiveRecipes.app/$(BUNDLE_EXECUTABLE_FOLDER_PATH)/LiveRecipes";
			};
			name = Debug;
		};
		C0EA6C522BB85A9200995C49 /* Release */ = {
			isa = XCBuildConfiguration;
			buildSettings = {
				ALWAYS_EMBED_SWIFT_STANDARD_LIBRARIES = YES;
				BUNDLE_LOADER = "$(TEST_HOST)";
				CODE_SIGN_STYLE = Automatic;
				CURRENT_PROJECT_VERSION = 1;
				DEVELOPMENT_TEAM = KD82SC4QSX;
				GENERATE_INFOPLIST_FILE = YES;
				IPHONEOS_DEPLOYMENT_TARGET = 17.2;
				MARKETING_VERSION = 1.0;
				PRODUCT_BUNDLE_IDENTIFIER = ru.LiveRecipesTests;
				PRODUCT_NAME = "$(TARGET_NAME)";
				SWIFT_EMIT_LOC_STRINGS = NO;
				SWIFT_VERSION = 5.0;
				TARGETED_DEVICE_FAMILY = "1,2";
				TEST_HOST = "$(BUILT_PRODUCTS_DIR)/LiveRecipes.app/$(BUNDLE_EXECUTABLE_FOLDER_PATH)/LiveRecipes";
			};
			name = Release;
		};
		C0EA6C542BB85A9200995C49 /* Debug */ = {
			isa = XCBuildConfiguration;
			buildSettings = {
				ALWAYS_EMBED_SWIFT_STANDARD_LIBRARIES = YES;
				CODE_SIGN_STYLE = Automatic;
				CURRENT_PROJECT_VERSION = 1;
				DEVELOPMENT_TEAM = KD82SC4QSX;
				GENERATE_INFOPLIST_FILE = YES;
				MARKETING_VERSION = 1.0;
				PRODUCT_BUNDLE_IDENTIFIER = ru.LiveRecipesUITests;
				PRODUCT_NAME = "$(TARGET_NAME)";
				SWIFT_EMIT_LOC_STRINGS = NO;
				SWIFT_VERSION = 5.0;
				TARGETED_DEVICE_FAMILY = "1,2";
				TEST_TARGET_NAME = LiveRecipes;
			};
			name = Debug;
		};
		C0EA6C552BB85A9200995C49 /* Release */ = {
			isa = XCBuildConfiguration;
			buildSettings = {
				ALWAYS_EMBED_SWIFT_STANDARD_LIBRARIES = YES;
				CODE_SIGN_STYLE = Automatic;
				CURRENT_PROJECT_VERSION = 1;
				DEVELOPMENT_TEAM = KD82SC4QSX;
				GENERATE_INFOPLIST_FILE = YES;
				MARKETING_VERSION = 1.0;
				PRODUCT_BUNDLE_IDENTIFIER = ru.LiveRecipesUITests;
				PRODUCT_NAME = "$(TARGET_NAME)";
				SWIFT_EMIT_LOC_STRINGS = NO;
				SWIFT_VERSION = 5.0;
				TARGETED_DEVICE_FAMILY = "1,2";
				TEST_TARGET_NAME = LiveRecipes;
			};
			name = Release;
		};
/* End XCBuildConfiguration section */

/* Begin XCConfigurationList section */
		74BF32DB2BEF92B300C946D5 /* Build configuration list for PBXNativeTarget "TimerActivityWidgetExtension" */ = {
			isa = XCConfigurationList;
			buildConfigurations = (
				74BF32DC2BEF92B300C946D5 /* Debug */,
				74BF32DD2BEF92B300C946D5 /* Release */,
			);
			defaultConfigurationIsVisible = 0;
			defaultConfigurationName = Release;
		};
		C0EA6C1F2BB85A9100995C49 /* Build configuration list for PBXProject "LiveRecipes" */ = {
			isa = XCConfigurationList;
			buildConfigurations = (
				C0EA6C4B2BB85A9200995C49 /* Debug */,
				C0EA6C4C2BB85A9200995C49 /* Release */,
			);
			defaultConfigurationIsVisible = 0;
			defaultConfigurationName = Release;
		};
		C0EA6C4D2BB85A9200995C49 /* Build configuration list for PBXNativeTarget "LiveRecipes" */ = {
			isa = XCConfigurationList;
			buildConfigurations = (
				C0EA6C4E2BB85A9200995C49 /* Debug */,
				C0EA6C4F2BB85A9200995C49 /* Release */,
			);
			defaultConfigurationIsVisible = 0;
			defaultConfigurationName = Release;
		};
		C0EA6C502BB85A9200995C49 /* Build configuration list for PBXNativeTarget "LiveRecipesTests" */ = {
			isa = XCConfigurationList;
			buildConfigurations = (
				C0EA6C512BB85A9200995C49 /* Debug */,
				C0EA6C522BB85A9200995C49 /* Release */,
			);
			defaultConfigurationIsVisible = 0;
			defaultConfigurationName = Release;
		};
		C0EA6C532BB85A9200995C49 /* Build configuration list for PBXNativeTarget "LiveRecipesUITests" */ = {
			isa = XCConfigurationList;
			buildConfigurations = (
				C0EA6C542BB85A9200995C49 /* Debug */,
				C0EA6C552BB85A9200995C49 /* Release */,
			);
			defaultConfigurationIsVisible = 0;
			defaultConfigurationName = Release;
		};
/* End XCConfigurationList section */

/* Begin XCRemoteSwiftPackageReference section */
		C0EA6CC22BB85B1500995C49 /* XCRemoteSwiftPackageReference "Alamofire" */ = {
			isa = XCRemoteSwiftPackageReference;
			repositoryURL = "https://github.com/Alamofire/Alamofire.git";
			requirement = {
				kind = upToNextMajorVersion;
				minimumVersion = 5.9.0;
			};
		};
		C0EA6CC72BB85B3C00995C49 /* XCRemoteSwiftPackageReference "Swinject" */ = {
			isa = XCRemoteSwiftPackageReference;
			repositoryURL = "https://github.com/Swinject/Swinject";
			requirement = {
				kind = upToNextMajorVersion;
				minimumVersion = 2.8.4;
			};
		};
/* End XCRemoteSwiftPackageReference section */

/* Begin XCSwiftPackageProductDependency section */
		C0EA6CC32BB85B1500995C49 /* Alamofire */ = {
			isa = XCSwiftPackageProductDependency;
			package = C0EA6CC22BB85B1500995C49 /* XCRemoteSwiftPackageReference "Alamofire" */;
			productName = Alamofire;
		};
		C0EA6CC82BB85B3C00995C49 /* Swinject */ = {
			isa = XCSwiftPackageProductDependency;
			package = C0EA6CC72BB85B3C00995C49 /* XCRemoteSwiftPackageReference "Swinject" */;
			productName = Swinject;
		};
/* End XCSwiftPackageProductDependency section */

/* Begin XCVersionGroup section */
		D0596F922BC7FC3B00A1BF50 /* LiveRecipesDB.xcdatamodeld */ = {
			isa = XCVersionGroup;
			children = (
				D0596F932BC7FC3B00A1BF50 /* LiveRecipesDB.xcdatamodel */,
			);
			currentVersion = D0596F932BC7FC3B00A1BF50 /* LiveRecipesDB.xcdatamodel */;
			path = LiveRecipesDB.xcdatamodeld;
			sourceTree = "<group>";
			versionGroupType = wrapper.xcdatamodel;
		};
/* End XCVersionGroup section */
	};
	rootObject = C0EA6C1C2BB85A9100995C49 /* Project object */;
}
